// !$*UTF8*$!
{
	archiveVersion = 1;
	classes = {
	};
	objectVersion = 46;
	objects = {

/* Begin PBXBuildFile section */
		7A1ACD031A2E5AF80033A2C5 /* bottle-active.png in Resources */ = {isa = PBXBuildFile; fileRef = 7A1ACD021A2E5AF80033A2C5 /* bottle-active.png */; };
		7A1ACD081A2E5CBC0033A2C5 /* setting.png in Resources */ = {isa = PBXBuildFile; fileRef = 7A1ACD051A2E5CBC0033A2C5 /* setting.png */; };
		7A1ACD091A2E5CBC0033A2C5 /* turn-off.png in Resources */ = {isa = PBXBuildFile; fileRef = 7A1ACD061A2E5CBC0033A2C5 /* turn-off.png */; };
		7A1ACD0B1A2E5DEE0033A2C5 /* flux.png in Resources */ = {isa = PBXBuildFile; fileRef = 7A1ACD0A1A2E5DEE0033A2C5 /* flux.png */; };
		7A1ACD111A2E67B00033A2C5 /* hamburger.png in Resources */ = {isa = PBXBuildFile; fileRef = 7A1ACD101A2E67B00033A2C5 /* hamburger.png */; };
		7A1ACD151A2E68870033A2C5 /* hamburger2.png in Resources */ = {isa = PBXBuildFile; fileRef = 7A1ACD141A2E68870033A2C5 /* hamburger2.png */; };
		7A8272F81A1D2D04004603FE /* MyPosition.swift in Sources */ = {isa = PBXBuildFile; fileRef = 7A8272F71A1D2D04004603FE /* MyPosition.swift */; };
		7A8272FA1A1D3279004603FE /* CoreLocation.framework in Frameworks */ = {isa = PBXBuildFile; fileRef = 7A8272F91A1D3279004603FE /* CoreLocation.framework */; };
		7AA224FA19CDA9D1002003ED /* AppDelegate.swift in Sources */ = {isa = PBXBuildFile; fileRef = 7AA224F919CDA9D1002003ED /* AppDelegate.swift */; };
		7AA224FC19CDA9D1002003ED /* RootViewController.swift in Sources */ = {isa = PBXBuildFile; fileRef = 7AA224FB19CDA9D1002003ED /* RootViewController.swift */; };
		7AA224FE19CDA9D1002003ED /* DataViewController.swift in Sources */ = {isa = PBXBuildFile; fileRef = 7AA224FD19CDA9D1002003ED /* DataViewController.swift */; };
		7AA2250019CDA9D1002003ED /* ModelController.swift in Sources */ = {isa = PBXBuildFile; fileRef = 7AA224FF19CDA9D1002003ED /* ModelController.swift */; };
		7AA2250519CDA9D1002003ED /* Images.xcassets in Resources */ = {isa = PBXBuildFile; fileRef = 7AA2250419CDA9D1002003ED /* Images.xcassets */; };
		7AA2250819CDA9D1002003ED /* LaunchScreen.xib in Resources */ = {isa = PBXBuildFile; fileRef = 7AA2250619CDA9D1002003ED /* LaunchScreen.xib */; };
		7AA2251419CDA9D1002003ED /* hadTests.swift in Sources */ = {isa = PBXBuildFile; fileRef = 7AA2251319CDA9D1002003ED /* hadTests.swift */; };
		7AA2251E19CDBE96002003ED /* IntroductionViewController.swift in Sources */ = {isa = PBXBuildFile; fileRef = 7AA2251D19CDBE96002003ED /* IntroductionViewController.swift */; };
		7AA2252019CDBED4002003ED /* xmlHttpRequest.swift in Sources */ = {isa = PBXBuildFile; fileRef = 7AA2251F19CDBED4002003ED /* xmlHttpRequest.swift */; };
		7ABC6AA119D489DB00B18DC8 /* Lato-Light.ttf in Resources */ = {isa = PBXBuildFile; fileRef = 7ABC6A9F19D489DB00B18DC8 /* Lato-Light.ttf */; };
		7ABC6AA219D489DB00B18DC8 /* Lato-Regular.ttf in Resources */ = {isa = PBXBuildFile; fileRef = 7ABC6AA019D489DB00B18DC8 /* Lato-Regular.ttf */; };
		7ABD50BA19E048BA007E3562 /* SignPainter-HouseScript.otf in Resources */ = {isa = PBXBuildFile; fileRef = 7ABD50B919E0460A007E3562 /* SignPainter-HouseScript.otf */; };
		7ABF0E201A2877110049720C /* bottle.png in Resources */ = {isa = PBXBuildFile; fileRef = 7ABF0E1F1A2877110049720C /* bottle.png */; };
		7ABF0E2B1A2877D70049720C /* bg-had.png in Resources */ = {isa = PBXBuildFile; fileRef = 7ABF0E291A2877D70049720C /* bg-had.png */; };
		7ABFAE0619CEDB8F00476A99 /* CreateAccountViewController.swift in Sources */ = {isa = PBXBuildFile; fileRef = 7ABFAE0519CEDB8F00476A99 /* CreateAccountViewController.swift */; };
		7ABFAE0819CEDCEC00476A99 /* UserManager.swift in Sources */ = {isa = PBXBuildFile; fileRef = 7ABFAE0719CEDCEC00476A99 /* UserManager.swift */; };
		7AD2FDD419E029D7008114A2 /* logo-had-launchimage.png in Resources */ = {isa = PBXBuildFile; fileRef = 7AD2FDD319E029D7008114A2 /* logo-had-launchimage.png */; };
		7AD673A819D0951C0079E682 /* app-icon-hadx2.png in Resources */ = {isa = PBXBuildFile; fileRef = 7AD673A619D0951C0079E682 /* app-icon-hadx2.png */; };
		7AD673A919D0951C0079E682 /* app-icon-hadx3.png in Resources */ = {isa = PBXBuildFile; fileRef = 7AD673A719D0951C0079E682 /* app-icon-hadx3.png */; };
		7AD673AE19D09B610079E682 /* launch-image-ipad.png in Resources */ = {isa = PBXBuildFile; fileRef = 7AD673AD19D09B610079E682 /* launch-image-ipad.png */; };
		7ADC4B2519E0224400CDD8B9 /* launch-image-iphone6.png in Resources */ = {isa = PBXBuildFile; fileRef = 7ADC4B2119E0224400CDD8B9 /* launch-image-iphone6.png */; };
		7ADC4B2619E0224400CDD8B9 /* launch-image-iphone6plus-background.png in Resources */ = {isa = PBXBuildFile; fileRef = 7ADC4B2219E0224400CDD8B9 /* launch-image-iphone6plus-background.png */; };
		7ADC4B2719E0224400CDD8B9 /* launch-image-iphone6plus.png in Resources */ = {isa = PBXBuildFile; fileRef = 7ADC4B2319E0224400CDD8B9 /* launch-image-iphone6plus.png */; };
		7ADC4B2919E027BD00CDD8B9 /* intro-image-iphone6plus.jpg in Resources */ = {isa = PBXBuildFile; fileRef = 7ADC4B2819E027BD00CDD8B9 /* intro-image-iphone6plus.jpg */; };
		F61331EF1A1E4F840007FAA1 /* ContainerViewController.swift in Sources */ = {isa = PBXBuildFile; fileRef = F61331EE1A1E4F840007FAA1 /* ContainerViewController.swift */; };
		F61331F11A1E508C0007FAA1 /* CenterViewController.swift in Sources */ = {isa = PBXBuildFile; fileRef = F61331F01A1E508C0007FAA1 /* CenterViewController.swift */; };
		F61331F51A1E61F00007FAA1 /* MenuItem.swift in Sources */ = {isa = PBXBuildFile; fileRef = F61331F41A1E61F00007FAA1 /* MenuItem.swift */; };
		F61331F71A1E6FF40007FAA1 /* Main.storyboard in Resources */ = {isa = PBXBuildFile; fileRef = F61331F61A1E6FF40007FAA1 /* Main.storyboard */; };
		F6A5521E1A279D6A001C371E /* PlaceItem.swift in Sources */ = {isa = PBXBuildFile; fileRef = F6A5521D1A279D6A001C371E /* PlaceItem.swift */; };
		F6A552211A27A317001C371E /* Item.swift in Sources */ = {isa = PBXBuildFile; fileRef = F6A552201A27A317001C371E /* Item.swift */; };
		F6EEB7B41A23DC0200D72936 /* LeftViewController.swift in Sources */ = {isa = PBXBuildFile; fileRef = F6EEB7B31A23DC0200D72936 /* LeftViewController.swift */; };
/* End PBXBuildFile section */

/* Begin PBXContainerItemProxy section */
		7AA2250E19CDA9D1002003ED /* PBXContainerItemProxy */ = {
			isa = PBXContainerItemProxy;
			containerPortal = 7AA224EC19CDA9D0002003ED /* Project object */;
			proxyType = 1;
			remoteGlobalIDString = 7AA224F319CDA9D1002003ED;
			remoteInfo = had;
		};
/* End PBXContainerItemProxy section */

/* Begin PBXFileReference section */
		7A1ACD021A2E5AF80033A2C5 /* bottle-active.png */ = {isa = PBXFileReference; lastKnownFileType = image.png; path = "bottle-active.png"; sourceTree = "<group>"; };
		7A1ACD051A2E5CBC0033A2C5 /* setting.png */ = {isa = PBXFileReference; lastKnownFileType = image.png; path = setting.png; sourceTree = "<group>"; };
		7A1ACD061A2E5CBC0033A2C5 /* turn-off.png */ = {isa = PBXFileReference; lastKnownFileType = image.png; path = "turn-off.png"; sourceTree = "<group>"; };
		7A1ACD0A1A2E5DEE0033A2C5 /* flux.png */ = {isa = PBXFileReference; lastKnownFileType = image.png; path = flux.png; sourceTree = "<group>"; };
		7A1ACD101A2E67B00033A2C5 /* hamburger.png */ = {isa = PBXFileReference; lastKnownFileType = image.png; path = hamburger.png; sourceTree = "<group>"; };
		7A1ACD141A2E68870033A2C5 /* hamburger2.png */ = {isa = PBXFileReference; lastKnownFileType = image.png; path = hamburger2.png; sourceTree = "<group>"; };
		7A8272F71A1D2D04004603FE /* MyPosition.swift */ = {isa = PBXFileReference; fileEncoding = 4; lastKnownFileType = sourcecode.swift; path = MyPosition.swift; sourceTree = "<group>"; };
		7A8272F91A1D3279004603FE /* CoreLocation.framework */ = {isa = PBXFileReference; lastKnownFileType = wrapper.framework; name = CoreLocation.framework; path = System/Library/Frameworks/CoreLocation.framework; sourceTree = SDKROOT; };
		7AA224F419CDA9D1002003ED /* had.app */ = {isa = PBXFileReference; explicitFileType = wrapper.application; includeInIndex = 0; path = had.app; sourceTree = BUILT_PRODUCTS_DIR; };
		7AA224F819CDA9D1002003ED /* Info.plist */ = {isa = PBXFileReference; lastKnownFileType = text.plist.xml; path = Info.plist; sourceTree = "<group>"; };
		7AA224F919CDA9D1002003ED /* AppDelegate.swift */ = {isa = PBXFileReference; lastKnownFileType = sourcecode.swift; path = AppDelegate.swift; sourceTree = "<group>"; };
		7AA224FB19CDA9D1002003ED /* RootViewController.swift */ = {isa = PBXFileReference; lastKnownFileType = sourcecode.swift; path = RootViewController.swift; sourceTree = "<group>"; };
		7AA224FD19CDA9D1002003ED /* DataViewController.swift */ = {isa = PBXFileReference; lastKnownFileType = sourcecode.swift; path = DataViewController.swift; sourceTree = "<group>"; };
		7AA224FF19CDA9D1002003ED /* ModelController.swift */ = {isa = PBXFileReference; lastKnownFileType = sourcecode.swift; path = ModelController.swift; sourceTree = "<group>"; };
		7AA2250419CDA9D1002003ED /* Images.xcassets */ = {isa = PBXFileReference; lastKnownFileType = folder.assetcatalog; path = Images.xcassets; sourceTree = "<group>"; };
		7AA2250719CDA9D1002003ED /* Base */ = {isa = PBXFileReference; lastKnownFileType = file.xib; name = Base; path = Base.lproj/LaunchScreen.xib; sourceTree = "<group>"; };
		7AA2250D19CDA9D1002003ED /* hadTests.xctest */ = {isa = PBXFileReference; explicitFileType = wrapper.cfbundle; includeInIndex = 0; path = hadTests.xctest; sourceTree = BUILT_PRODUCTS_DIR; };
		7AA2251219CDA9D1002003ED /* Info.plist */ = {isa = PBXFileReference; lastKnownFileType = text.plist.xml; path = Info.plist; sourceTree = "<group>"; };
		7AA2251319CDA9D1002003ED /* hadTests.swift */ = {isa = PBXFileReference; lastKnownFileType = sourcecode.swift; path = hadTests.swift; sourceTree = "<group>"; };
		7AA2251D19CDBE96002003ED /* IntroductionViewController.swift */ = {isa = PBXFileReference; fileEncoding = 4; lastKnownFileType = sourcecode.swift; name = IntroductionViewController.swift; path = ../../StatusApp/Status/IntroductionViewController.swift; sourceTree = "<group>"; };
		7AA2251F19CDBED4002003ED /* xmlHttpRequest.swift */ = {isa = PBXFileReference; fileEncoding = 4; lastKnownFileType = sourcecode.swift; name = xmlHttpRequest.swift; path = ../../StatusApp/Status/xmlHttpRequest.swift; sourceTree = "<group>"; };
		7ABC6A9F19D489DB00B18DC8 /* Lato-Light.ttf */ = {isa = PBXFileReference; lastKnownFileType = file; path = "Lato-Light.ttf"; sourceTree = "<group>"; };
		7ABC6AA019D489DB00B18DC8 /* Lato-Regular.ttf */ = {isa = PBXFileReference; lastKnownFileType = file; path = "Lato-Regular.ttf"; sourceTree = "<group>"; };
		7ABD50B919E0460A007E3562 /* SignPainter-HouseScript.otf */ = {isa = PBXFileReference; lastKnownFileType = file; path = "SignPainter-HouseScript.otf"; sourceTree = "<group>"; };
		7ABF0E1F1A2877110049720C /* bottle.png */ = {isa = PBXFileReference; lastKnownFileType = image.png; path = bottle.png; sourceTree = "<group>"; };
		7ABF0E291A2877D70049720C /* bg-had.png */ = {isa = PBXFileReference; lastKnownFileType = image.png; path = "bg-had.png"; sourceTree = "<group>"; };
		7ABFAE0519CEDB8F00476A99 /* CreateAccountViewController.swift */ = {isa = PBXFileReference; fileEncoding = 4; lastKnownFileType = sourcecode.swift; name = CreateAccountViewController.swift; path = ../../StatusApp/Status/CreateAccountViewController.swift; sourceTree = "<group>"; };
		7ABFAE0719CEDCEC00476A99 /* UserManager.swift */ = {isa = PBXFileReference; fileEncoding = 4; lastKnownFileType = sourcecode.swift; name = UserManager.swift; path = ../../StatusApp/Status/UserManager.swift; sourceTree = "<group>"; };
		7AD2FDD319E029D7008114A2 /* logo-had-launchimage.png */ = {isa = PBXFileReference; lastKnownFileType = image.png; path = "logo-had-launchimage.png"; sourceTree = "<group>"; };
		7AD673A619D0951C0079E682 /* app-icon-hadx2.png */ = {isa = PBXFileReference; lastKnownFileType = image.png; path = "app-icon-hadx2.png"; sourceTree = "<group>"; };
		7AD673A719D0951C0079E682 /* app-icon-hadx3.png */ = {isa = PBXFileReference; lastKnownFileType = image.png; path = "app-icon-hadx3.png"; sourceTree = "<group>"; };
		7AD673AD19D09B610079E682 /* launch-image-ipad.png */ = {isa = PBXFileReference; lastKnownFileType = image.png; path = "launch-image-ipad.png"; sourceTree = "<group>"; };
		7ADC4B2019E0224400CDD8B9 /* launch-image-ipad.png */ = {isa = PBXFileReference; lastKnownFileType = image.png; path = "launch-image-ipad.png"; sourceTree = "<group>"; };
		7ADC4B2119E0224400CDD8B9 /* launch-image-iphone6.png */ = {isa = PBXFileReference; lastKnownFileType = image.png; path = "launch-image-iphone6.png"; sourceTree = "<group>"; };
		7ADC4B2219E0224400CDD8B9 /* launch-image-iphone6plus-background.png */ = {isa = PBXFileReference; lastKnownFileType = image.png; path = "launch-image-iphone6plus-background.png"; sourceTree = "<group>"; };
		7ADC4B2319E0224400CDD8B9 /* launch-image-iphone6plus.png */ = {isa = PBXFileReference; lastKnownFileType = image.png; path = "launch-image-iphone6plus.png"; sourceTree = "<group>"; };
		7ADC4B2819E027BD00CDD8B9 /* intro-image-iphone6plus.jpg */ = {isa = PBXFileReference; lastKnownFileType = image.jpeg; path = "intro-image-iphone6plus.jpg"; sourceTree = "<group>"; };
		F61331EE1A1E4F840007FAA1 /* ContainerViewController.swift */ = {isa = PBXFileReference; fileEncoding = 4; lastKnownFileType = sourcecode.swift; path = ContainerViewController.swift; sourceTree = "<group>"; };
		F61331F01A1E508C0007FAA1 /* CenterViewController.swift */ = {isa = PBXFileReference; fileEncoding = 4; lastKnownFileType = sourcecode.swift; path = CenterViewController.swift; sourceTree = "<group>"; };
		F61331F41A1E61F00007FAA1 /* MenuItem.swift */ = {isa = PBXFileReference; fileEncoding = 4; lastKnownFileType = sourcecode.swift; path = MenuItem.swift; sourceTree = "<group>"; };
		F61331F61A1E6FF40007FAA1 /* Main.storyboard */ = {isa = PBXFileReference; fileEncoding = 4; lastKnownFileType = file.storyboard; path = Main.storyboard; sourceTree = "<group>"; };
		F6A5521D1A279D6A001C371E /* PlaceItem.swift */ = {isa = PBXFileReference; fileEncoding = 4; lastKnownFileType = sourcecode.swift; path = PlaceItem.swift; sourceTree = "<group>"; };
		F6A552201A27A317001C371E /* Item.swift */ = {isa = PBXFileReference; fileEncoding = 4; lastKnownFileType = sourcecode.swift; path = Item.swift; sourceTree = "<group>"; };
		F6EEB7B31A23DC0200D72936 /* LeftViewController.swift */ = {isa = PBXFileReference; fileEncoding = 4; lastKnownFileType = sourcecode.swift; path = LeftViewController.swift; sourceTree = "<group>"; };
/* End PBXFileReference section */

/* Begin PBXFrameworksBuildPhase section */
		7AA224F119CDA9D1002003ED /* Frameworks */ = {
			isa = PBXFrameworksBuildPhase;
			buildActionMask = 2147483647;
			files = (
				7A8272FA1A1D3279004603FE /* CoreLocation.framework in Frameworks */,
			);
			runOnlyForDeploymentPostprocessing = 0;
		};
		7AA2250A19CDA9D1002003ED /* Frameworks */ = {
			isa = PBXFrameworksBuildPhase;
			buildActionMask = 2147483647;
			files = (
			);
			runOnlyForDeploymentPostprocessing = 0;
		};
/* End PBXFrameworksBuildPhase section */

/* Begin PBXGroup section */
		7A5B7BED19D03DDA0023AAC5 /* images */ = {
			isa = PBXGroup;
			children = (
				7A1ACD0A1A2E5DEE0033A2C5 /* flux.png */,
				7A1ACD051A2E5CBC0033A2C5 /* setting.png */,
				7A1ACD061A2E5CBC0033A2C5 /* turn-off.png */,
				7A1ACD101A2E67B00033A2C5 /* hamburger.png */,
				7A1ACD021A2E5AF80033A2C5 /* bottle-active.png */,
				7ABF0E291A2877D70049720C /* bg-had.png */,
				7AD673AD19D09B610079E682 /* launch-image-ipad.png */,
				7A1ACD141A2E68870033A2C5 /* hamburger2.png */,
				7ABC6A9F19D489DB00B18DC8 /* Lato-Light.ttf */,
				7ADC4B2019E0224400CDD8B9 /* launch-image-ipad.png */,
				7ADC4B2819E027BD00CDD8B9 /* intro-image-iphone6plus.jpg */,
				7AD2FDD319E029D7008114A2 /* logo-had-launchimage.png */,
				7ABF0E1F1A2877110049720C /* bottle.png */,
				7ADC4B2119E0224400CDD8B9 /* launch-image-iphone6.png */,
				7ADC4B2219E0224400CDD8B9 /* launch-image-iphone6plus-background.png */,
				7ADC4B2319E0224400CDD8B9 /* launch-image-iphone6plus.png */,
				7ABC6AA019D489DB00B18DC8 /* Lato-Regular.ttf */,
				7ABD50B919E0460A007E3562 /* SignPainter-HouseScript.otf */,
				7AD673A619D0951C0079E682 /* app-icon-hadx2.png */,
				7AD673A719D0951C0079E682 /* app-icon-hadx3.png */,
			);
			name = images;
			sourceTree = "<group>";
		};
		7AA224EB19CDA9D0002003ED = {
			isa = PBXGroup;
			children = (
				7A8272F91A1D3279004603FE /* CoreLocation.framework */,
				7AA224F619CDA9D1002003ED /* had */,
				7AA2251019CDA9D1002003ED /* hadTests */,
				7AA224F519CDA9D1002003ED /* Products */,
			);
			sourceTree = "<group>";
		};
		7AA224F519CDA9D1002003ED /* Products */ = {
			isa = PBXGroup;
			children = (
				7AA224F419CDA9D1002003ED /* had.app */,
				7AA2250D19CDA9D1002003ED /* hadTests.xctest */,
			);
			name = Products;
			sourceTree = "<group>";
		};
		7AA224F619CDA9D1002003ED /* had */ = {
			isa = PBXGroup;
			children = (
				F6A5521F1A27A2E5001C371E /* ItemCell */,
				7AA224F919CDA9D1002003ED /* AppDelegate.swift */,
				7AA224FB19CDA9D1002003ED /* RootViewController.swift */,
				7AA224FD19CDA9D1002003ED /* DataViewController.swift */,
				7ABFAE0519CEDB8F00476A99 /* CreateAccountViewController.swift */,
				7AA224FF19CDA9D1002003ED /* ModelController.swift */,
				7ABFAE0719CEDCEC00476A99 /* UserManager.swift */,
				7A8272F71A1D2D04004603FE /* MyPosition.swift */,
				7AA2251F19CDBED4002003ED /* xmlHttpRequest.swift */,
				7AA2251D19CDBE96002003ED /* IntroductionViewController.swift */,
				7AA2250419CDA9D1002003ED /* Images.xcassets */,
				7AA2250619CDA9D1002003ED /* LaunchScreen.xib */,
				7A5B7BED19D03DDA0023AAC5 /* images */,
				7AA224F719CDA9D1002003ED /* Supporting Files */,
				F61331EE1A1E4F840007FAA1 /* ContainerViewController.swift */,
				F61331F01A1E508C0007FAA1 /* CenterViewController.swift */,
				F61331F61A1E6FF40007FAA1 /* Main.storyboard */,
				F6EEB7B31A23DC0200D72936 /* LeftViewController.swift */,
			);
			path = had;
			sourceTree = "<group>";
		};
		7AA224F719CDA9D1002003ED /* Supporting Files */ = {
			isa = PBXGroup;
			children = (
				7AA224F819CDA9D1002003ED /* Info.plist */,
			);
			name = "Supporting Files";
			sourceTree = "<group>";
		};
		7AA2251019CDA9D1002003ED /* hadTests */ = {
			isa = PBXGroup;
			children = (
				7AA2251319CDA9D1002003ED /* hadTests.swift */,
				7AA2251119CDA9D1002003ED /* Supporting Files */,
			);
			path = hadTests;
			sourceTree = "<group>";
		};
		7AA2251119CDA9D1002003ED /* Supporting Files */ = {
			isa = PBXGroup;
			children = (
				7AA2251219CDA9D1002003ED /* Info.plist */,
			);
			name = "Supporting Files";
			sourceTree = "<group>";
		};
		F6A5521F1A27A2E5001C371E /* ItemCell */ = {
			isa = PBXGroup;
			children = (
				F61331F41A1E61F00007FAA1 /* MenuItem.swift */,
				F6A5521D1A279D6A001C371E /* PlaceItem.swift */,
				F6A552201A27A317001C371E /* Item.swift */,
			);
			name = ItemCell;
			sourceTree = "<group>";
		};
/* End PBXGroup section */

/* Begin PBXNativeTarget section */
		7AA224F319CDA9D1002003ED /* had */ = {
			isa = PBXNativeTarget;
			buildConfigurationList = 7AA2251719CDA9D1002003ED /* Build configuration list for PBXNativeTarget "had" */;
			buildPhases = (
				7AA224F019CDA9D1002003ED /* Sources */,
				7AA224F119CDA9D1002003ED /* Frameworks */,
				7AA224F219CDA9D1002003ED /* Resources */,
			);
			buildRules = (
			);
			dependencies = (
			);
			name = had;
			productName = had;
			productReference = 7AA224F419CDA9D1002003ED /* had.app */;
			productType = "com.apple.product-type.application";
		};
		7AA2250C19CDA9D1002003ED /* hadTests */ = {
			isa = PBXNativeTarget;
			buildConfigurationList = 7AA2251A19CDA9D1002003ED /* Build configuration list for PBXNativeTarget "hadTests" */;
			buildPhases = (
				7AA2250919CDA9D1002003ED /* Sources */,
				7AA2250A19CDA9D1002003ED /* Frameworks */,
				7AA2250B19CDA9D1002003ED /* Resources */,
			);
			buildRules = (
			);
			dependencies = (
				7AA2250F19CDA9D1002003ED /* PBXTargetDependency */,
			);
			name = hadTests;
			productName = hadTests;
			productReference = 7AA2250D19CDA9D1002003ED /* hadTests.xctest */;
			productType = "com.apple.product-type.bundle.unit-test";
		};
/* End PBXNativeTarget section */

/* Begin PBXProject section */
		7AA224EC19CDA9D0002003ED /* Project object */ = {
			isa = PBXProject;
			attributes = {
				LastUpgradeCheck = 0610;
				ORGANIZATIONNAME = had;
				TargetAttributes = {
					7AA224F319CDA9D1002003ED = {
						CreatedOnToolsVersion = 6.0.1;
						DevelopmentTeam = 356ZH6XUVH;
					};
					7AA2250C19CDA9D1002003ED = {
						CreatedOnToolsVersion = 6.0.1;
						TestTargetID = 7AA224F319CDA9D1002003ED;
					};
				};
			};
			buildConfigurationList = 7AA224EF19CDA9D0002003ED /* Build configuration list for PBXProject "had" */;
			compatibilityVersion = "Xcode 3.2";
			developmentRegion = English;
			hasScannedForEncodings = 0;
			knownRegions = (
				en,
				Base,
			);
			mainGroup = 7AA224EB19CDA9D0002003ED;
			productRefGroup = 7AA224F519CDA9D1002003ED /* Products */;
			projectDirPath = "";
			projectRoot = "";
			targets = (
				7AA224F319CDA9D1002003ED /* had */,
				7AA2250C19CDA9D1002003ED /* hadTests */,
			);
		};
/* End PBXProject section */

/* Begin PBXResourcesBuildPhase section */
		7AA224F219CDA9D1002003ED /* Resources */ = {
			isa = PBXResourcesBuildPhase;
			buildActionMask = 2147483647;
			files = (
				7ABD50BA19E048BA007E3562 /* SignPainter-HouseScript.otf in Resources */,
				7A1ACD111A2E67B00033A2C5 /* hamburger.png in Resources */,
				7AD673A819D0951C0079E682 /* app-icon-hadx2.png in Resources */,
				7A1ACD0B1A2E5DEE0033A2C5 /* flux.png in Resources */,
				7ADC4B2919E027BD00CDD8B9 /* intro-image-iphone6plus.jpg in Resources */,
				7ADC4B2519E0224400CDD8B9 /* launch-image-iphone6.png in Resources */,
				7ABC6AA119D489DB00B18DC8 /* Lato-Light.ttf in Resources */,
				F61331F71A1E6FF40007FAA1 /* Main.storyboard in Resources */,
				7A1ACD151A2E68870033A2C5 /* hamburger2.png in Resources */,
				7ADC4B2719E0224400CDD8B9 /* launch-image-iphone6plus.png in Resources */,
				7A1ACD081A2E5CBC0033A2C5 /* setting.png in Resources */,
				7AD673A919D0951C0079E682 /* app-icon-hadx3.png in Resources */,
				7AA2250819CDA9D1002003ED /* LaunchScreen.xib in Resources */,
				7A1ACD091A2E5CBC0033A2C5 /* turn-off.png in Resources */,
				7ABF0E2B1A2877D70049720C /* bg-had.png in Resources */,
				7ADC4B2619E0224400CDD8B9 /* launch-image-iphone6plus-background.png in Resources */,
				7ABC6AA219D489DB00B18DC8 /* Lato-Regular.ttf in Resources */,
				7ABF0E201A2877110049720C /* bottle.png in Resources */,
				7AA2250519CDA9D1002003ED /* Images.xcassets in Resources */,
				7AD673AE19D09B610079E682 /* launch-image-ipad.png in Resources */,
				7A1ACD031A2E5AF80033A2C5 /* bottle-active.png in Resources */,
				7AD2FDD419E029D7008114A2 /* logo-had-launchimage.png in Resources */,
			);
			runOnlyForDeploymentPostprocessing = 0;
		};
		7AA2250B19CDA9D1002003ED /* Resources */ = {
			isa = PBXResourcesBuildPhase;
			buildActionMask = 2147483647;
			files = (
			);
			runOnlyForDeploymentPostprocessing = 0;
		};
/* End PBXResourcesBuildPhase section */

/* Begin PBXSourcesBuildPhase section */
		7AA224F019CDA9D1002003ED /* Sources */ = {
			isa = PBXSourcesBuildPhase;
			buildActionMask = 2147483647;
			files = (
				F6A5521E1A279D6A001C371E /* PlaceItem.swift in Sources */,
				7A8272F81A1D2D04004603FE /* MyPosition.swift in Sources */,
				7ABFAE0619CEDB8F00476A99 /* CreateAccountViewController.swift in Sources */,
				7AA224FC19CDA9D1002003ED /* RootViewController.swift in Sources */,
				F61331EF1A1E4F840007FAA1 /* ContainerViewController.swift in Sources */,
				7AA2252019CDBED4002003ED /* xmlHttpRequest.swift in Sources */,
				7AA2251E19CDBE96002003ED /* IntroductionViewController.swift in Sources */,
				7AA2250019CDA9D1002003ED /* ModelController.swift in Sources */,
				F61331F51A1E61F00007FAA1 /* MenuItem.swift in Sources */,
				7AA224FE19CDA9D1002003ED /* DataViewController.swift in Sources */,
				F6A552211A27A317001C371E /* Item.swift in Sources */,
				F61331F11A1E508C0007FAA1 /* CenterViewController.swift in Sources */,
				7ABFAE0819CEDCEC00476A99 /* UserManager.swift in Sources */,
				F6EEB7B41A23DC0200D72936 /* LeftViewController.swift in Sources */,
				7AA224FA19CDA9D1002003ED /* AppDelegate.swift in Sources */,
			);
			runOnlyForDeploymentPostprocessing = 0;
		};
		7AA2250919CDA9D1002003ED /* Sources */ = {
			isa = PBXSourcesBuildPhase;
			buildActionMask = 2147483647;
			files = (
				7AA2251419CDA9D1002003ED /* hadTests.swift in Sources */,
			);
			runOnlyForDeploymentPostprocessing = 0;
		};
/* End PBXSourcesBuildPhase section */

/* Begin PBXTargetDependency section */
		7AA2250F19CDA9D1002003ED /* PBXTargetDependency */ = {
			isa = PBXTargetDependency;
			target = 7AA224F319CDA9D1002003ED /* had */;
			targetProxy = 7AA2250E19CDA9D1002003ED /* PBXContainerItemProxy */;
		};
/* End PBXTargetDependency section */

/* Begin PBXVariantGroup section */
		7AA2250619CDA9D1002003ED /* LaunchScreen.xib */ = {
			isa = PBXVariantGroup;
			children = (
				7AA2250719CDA9D1002003ED /* Base */,
			);
			name = LaunchScreen.xib;
			sourceTree = "<group>";
		};
/* End PBXVariantGroup section */

/* Begin XCBuildConfiguration section */
		7AA2251519CDA9D1002003ED /* Debug */ = {
			isa = XCBuildConfiguration;
			buildSettings = {
				ALWAYS_SEARCH_USER_PATHS = NO;
				CLANG_CXX_LANGUAGE_STANDARD = "gnu++0x";
				CLANG_CXX_LIBRARY = "libc++";
				CLANG_ENABLE_MODULES = YES;
				CLANG_ENABLE_OBJC_ARC = YES;
				CLANG_WARN_BOOL_CONVERSION = YES;
				CLANG_WARN_CONSTANT_CONVERSION = YES;
				CLANG_WARN_DIRECT_OBJC_ISA_USAGE = YES_ERROR;
				CLANG_WARN_EMPTY_BODY = YES;
				CLANG_WARN_ENUM_CONVERSION = YES;
				CLANG_WARN_INT_CONVERSION = YES;
				CLANG_WARN_OBJC_ROOT_CLASS = YES_ERROR;
				CLANG_WARN_UNREACHABLE_CODE = YES;
				CLANG_WARN__DUPLICATE_METHOD_MATCH = YES;
				CODE_SIGN_IDENTITY = "iPhone Developer";
				"CODE_SIGN_IDENTITY[sdk=iphoneos*]" = "iPhone Developer";
				COPY_PHASE_STRIP = NO;
				ENABLE_STRICT_OBJC_MSGSEND = YES;
				GCC_C_LANGUAGE_STANDARD = gnu99;
				GCC_DYNAMIC_NO_PIC = NO;
				GCC_OPTIMIZATION_LEVEL = 0;
				GCC_PREPROCESSOR_DEFINITIONS = (
					"DEBUG=1",
					"$(inherited)",
				);
				GCC_SYMBOLS_PRIVATE_EXTERN = NO;
				GCC_WARN_64_TO_32_BIT_CONVERSION = YES;
				GCC_WARN_ABOUT_RETURN_TYPE = YES_ERROR;
				GCC_WARN_UNDECLARED_SELECTOR = YES;
				GCC_WARN_UNINITIALIZED_AUTOS = YES_AGGRESSIVE;
				GCC_WARN_UNUSED_FUNCTION = YES;
				GCC_WARN_UNUSED_VARIABLE = YES;
				IPHONEOS_DEPLOYMENT_TARGET = 8.0;
				MTL_ENABLE_DEBUG_INFO = YES;
				ONLY_ACTIVE_ARCH = YES;
				SDKROOT = iphoneos;
				SWIFT_OPTIMIZATION_LEVEL = "-Onone";
				TARGETED_DEVICE_FAMILY = "1,2";
			};
			name = Debug;
		};
		7AA2251619CDA9D1002003ED /* Release */ = {
			isa = XCBuildConfiguration;
			buildSettings = {
				ALWAYS_SEARCH_USER_PATHS = NO;
				CLANG_CXX_LANGUAGE_STANDARD = "gnu++0x";
				CLANG_CXX_LIBRARY = "libc++";
				CLANG_ENABLE_MODULES = YES;
				CLANG_ENABLE_OBJC_ARC = YES;
				CLANG_WARN_BOOL_CONVERSION = YES;
				CLANG_WARN_CONSTANT_CONVERSION = YES;
				CLANG_WARN_DIRECT_OBJC_ISA_USAGE = YES_ERROR;
				CLANG_WARN_EMPTY_BODY = YES;
				CLANG_WARN_ENUM_CONVERSION = YES;
				CLANG_WARN_INT_CONVERSION = YES;
				CLANG_WARN_OBJC_ROOT_CLASS = YES_ERROR;
				CLANG_WARN_UNREACHABLE_CODE = YES;
				CLANG_WARN__DUPLICATE_METHOD_MATCH = YES;
				CODE_SIGN_IDENTITY = "iPhone Developer";
				"CODE_SIGN_IDENTITY[sdk=iphoneos*]" = "iPhone Developer";
				COPY_PHASE_STRIP = YES;
				ENABLE_NS_ASSERTIONS = NO;
				ENABLE_STRICT_OBJC_MSGSEND = YES;
				GCC_C_LANGUAGE_STANDARD = gnu99;
				GCC_WARN_64_TO_32_BIT_CONVERSION = YES;
				GCC_WARN_ABOUT_RETURN_TYPE = YES_ERROR;
				GCC_WARN_UNDECLARED_SELECTOR = YES;
				GCC_WARN_UNINITIALIZED_AUTOS = YES_AGGRESSIVE;
				GCC_WARN_UNUSED_FUNCTION = YES;
				GCC_WARN_UNUSED_VARIABLE = YES;
				IPHONEOS_DEPLOYMENT_TARGET = 8.0;
				MTL_ENABLE_DEBUG_INFO = NO;
				SDKROOT = iphoneos;
				TARGETED_DEVICE_FAMILY = "1,2";
				VALIDATE_PRODUCT = YES;
			};
			name = Release;
		};
		7AA2251819CDA9D1002003ED /* Debug */ = {
			isa = XCBuildConfiguration;
			buildSettings = {
				ASSETCATALOG_COMPILER_APPICON_NAME = AppIcon;
				CODE_SIGN_IDENTITY = "iPhone Developer";
				INFOPLIST_FILE = had/Info.plist;
				LD_RUNPATH_SEARCH_PATHS = "$(inherited) @executable_path/Frameworks";
				PRODUCT_NAME = "$(TARGET_NAME)";
			};
			name = Debug;
		};
		7AA2251919CDA9D1002003ED /* Release */ = {
			isa = XCBuildConfiguration;
			buildSettings = {
				ASSETCATALOG_COMPILER_APPICON_NAME = AppIcon;
				CODE_SIGN_IDENTITY = "iPhone Developer";
				INFOPLIST_FILE = had/Info.plist;
				LD_RUNPATH_SEARCH_PATHS = "$(inherited) @executable_path/Frameworks";
				PRODUCT_NAME = "$(TARGET_NAME)";
			};
			name = Release;
		};
		7AA2251B19CDA9D1002003ED /* Debug */ = {
			isa = XCBuildConfiguration;
			buildSettings = {
				BUNDLE_LOADER = "$(TEST_HOST)";
				FRAMEWORK_SEARCH_PATHS = (
					"$(SDKROOT)/Developer/Library/Frameworks",
					"$(inherited)",
				);
				GCC_PREPROCESSOR_DEFINITIONS = (
					"DEBUG=1",
					"$(inherited)",
				);
				INFOPLIST_FILE = hadTests/Info.plist;
				LD_RUNPATH_SEARCH_PATHS = "$(inherited) @executable_path/Frameworks @loader_path/Frameworks";
				PRODUCT_NAME = "$(TARGET_NAME)";
				TEST_HOST = "$(BUILT_PRODUCTS_DIR)/had.app/had";
			};
			name = Debug;
		};
		7AA2251C19CDA9D1002003ED /* Release */ = {
			isa = XCBuildConfiguration;
			buildSettings = {
				BUNDLE_LOADER = "$(TEST_HOST)";
				FRAMEWORK_SEARCH_PATHS = (
					"$(SDKROOT)/Developer/Library/Frameworks",
					"$(inherited)",
				);
				INFOPLIST_FILE = hadTests/Info.plist;
				LD_RUNPATH_SEARCH_PATHS = "$(inherited) @executable_path/Frameworks @loader_path/Frameworks";
				PRODUCT_NAME = "$(TARGET_NAME)";
				TEST_HOST = "$(BUILT_PRODUCTS_DIR)/had.app/had";
			};
			name = Release;
		};
/* End XCBuildConfiguration section */

/* Begin XCConfigurationList section */
		7AA224EF19CDA9D0002003ED /* Build configuration list for PBXProject "had" */ = {
			isa = XCConfigurationList;
			buildConfigurations = (
				7AA2251519CDA9D1002003ED /* Debug */,
				7AA2251619CDA9D1002003ED /* Release */,
			);
			defaultConfigurationIsVisible = 0;
			defaultConfigurationName = Release;
		};
		7AA2251719CDA9D1002003ED /* Build configuration list for PBXNativeTarget "had" */ = {
			isa = XCConfigurationList;
			buildConfigurations = (
				7AA2251819CDA9D1002003ED /* Debug */,
				7AA2251919CDA9D1002003ED /* Release */,
			);
			defaultConfigurationIsVisible = 0;
			defaultConfigurationName = Release;
		};
		7AA2251A19CDA9D1002003ED /* Build configuration list for PBXNativeTarget "hadTests" */ = {
			isa = XCConfigurationList;
			buildConfigurations = (
				7AA2251B19CDA9D1002003ED /* Debug */,
				7AA2251C19CDA9D1002003ED /* Release */,
			);
			defaultConfigurationIsVisible = 0;
			defaultConfigurationName = Release;
		};
/* End XCConfigurationList section */
	};
	rootObject = 7AA224EC19CDA9D0002003ED /* Project object */;
}
