// !$*UTF8*$!
{
	archiveVersion = 1;
	classes = {
	};
	objectVersion = 46;
	objects = {

/* Begin PBXBuildFile section */
		7A10456F1A8F779C008DAF8C /* signpainter-housescript-webfont.ttf in Resources */ = {isa = PBXBuildFile; fileRef = 7A10456E1A8F779C008DAF8C /* signpainter-housescript-webfont.ttf */; };
		7A1045711A8F7EC4008DAF8C /* Lato-BoldItalic.ttf in Resources */ = {isa = PBXBuildFile; fileRef = 7A1045701A8F7EC4008DAF8C /* Lato-BoldItalic.ttf */; };
		7A1ACD031A2E5AF80033A2C5 /* bottle-active.png in Resources */ = {isa = PBXBuildFile; fileRef = 7A1ACD021A2E5AF80033A2C5 /* bottle-active.png */; };
		7A1ACD081A2E5CBC0033A2C5 /* setting.png in Resources */ = {isa = PBXBuildFile; fileRef = 7A1ACD051A2E5CBC0033A2C5 /* setting.png */; };
		7A1ACD091A2E5CBC0033A2C5 /* turn-off.png in Resources */ = {isa = PBXBuildFile; fileRef = 7A1ACD061A2E5CBC0033A2C5 /* turn-off.png */; };
		7A1ACD0B1A2E5DEE0033A2C5 /* flux.png in Resources */ = {isa = PBXBuildFile; fileRef = 7A1ACD0A1A2E5DEE0033A2C5 /* flux.png */; };
		7A1ACD111A2E67B00033A2C5 /* hamburger.png in Resources */ = {isa = PBXBuildFile; fileRef = 7A1ACD101A2E67B00033A2C5 /* hamburger.png */; };
		7A1ACD151A2E68870033A2C5 /* hamburger2.png in Resources */ = {isa = PBXBuildFile; fileRef = 7A1ACD141A2E68870033A2C5 /* hamburger2.png */; };
		7A4109BA1A912FAE000487C5 /* left-arrow@3x.png in Resources */ = {isa = PBXBuildFile; fileRef = 7A4109B91A912FAE000487C5 /* left-arrow@3x.png */; };
		7A5D63ED1A8BFC7800D09290 /* line-separator.png in Resources */ = {isa = PBXBuildFile; fileRef = 7A5D63EC1A8BFC7800D09290 /* line-separator.png */; };
		7A6B5F2F1A8CBBAF00851BA5 /* bottle-intro@3x.png in Resources */ = {isa = PBXBuildFile; fileRef = 7A6B5F2E1A8CBBAF00851BA5 /* bottle-intro@3x.png */; };
		7A7C2A581A5B39CB000DFC3B /* stats-icon@3x.png in Resources */ = {isa = PBXBuildFile; fileRef = 7A7C2A571A5B39CB000DFC3B /* stats-icon@3x.png */; };
		7A8272F81A1D2D04004603FE /* MyPosition.swift in Sources */ = {isa = PBXBuildFile; fileRef = 7A8272F71A1D2D04004603FE /* MyPosition.swift */; };
		7A8272FA1A1D3279004603FE /* CoreLocation.framework in Frameworks */ = {isa = PBXBuildFile; fileRef = 7A8272F91A1D3279004603FE /* CoreLocation.framework */; };
		7AA224FA19CDA9D1002003ED /* AppDelegate.swift in Sources */ = {isa = PBXBuildFile; fileRef = 7AA224F919CDA9D1002003ED /* AppDelegate.swift */; };
		7AA224FC19CDA9D1002003ED /* RootViewController.swift in Sources */ = {isa = PBXBuildFile; fileRef = 7AA224FB19CDA9D1002003ED /* RootViewController.swift */; };
		7AA224FE19CDA9D1002003ED /* DataViewController.swift in Sources */ = {isa = PBXBuildFile; fileRef = 7AA224FD19CDA9D1002003ED /* DataViewController.swift */; };
		7AA2250019CDA9D1002003ED /* ModelController.swift in Sources */ = {isa = PBXBuildFile; fileRef = 7AA224FF19CDA9D1002003ED /* ModelController.swift */; };
		7AA2250519CDA9D1002003ED /* Images.xcassets in Resources */ = {isa = PBXBuildFile; fileRef = 7AA2250419CDA9D1002003ED /* Images.xcassets */; };
		7AA2250819CDA9D1002003ED /* LaunchScreen.xib in Resources */ = {isa = PBXBuildFile; fileRef = 7AA2250619CDA9D1002003ED /* LaunchScreen.xib */; };
		7AA2251419CDA9D1002003ED /* hadTests.swift in Sources */ = {isa = PBXBuildFile; fileRef = 7AA2251319CDA9D1002003ED /* hadTests.swift */; };
		7AA2251E19CDBE96002003ED /* IntroductionViewController.swift in Sources */ = {isa = PBXBuildFile; fileRef = 7AA2251D19CDBE96002003ED /* IntroductionViewController.swift */; };
		7AA2252019CDBED4002003ED /* xmlHttpRequest.swift in Sources */ = {isa = PBXBuildFile; fileRef = 7AA2251F19CDBED4002003ED /* xmlHttpRequest.swift */; };
		7ABC6AA119D489DB00B18DC8 /* Lato-Light.ttf in Resources */ = {isa = PBXBuildFile; fileRef = 7ABC6A9F19D489DB00B18DC8 /* Lato-Light.ttf */; };
		7ABC6AA219D489DB00B18DC8 /* Lato-Regular.ttf in Resources */ = {isa = PBXBuildFile; fileRef = 7ABC6AA019D489DB00B18DC8 /* Lato-Regular.ttf */; };
		7ABF0E201A2877110049720C /* bottle.png in Resources */ = {isa = PBXBuildFile; fileRef = 7ABF0E1F1A2877110049720C /* bottle.png */; };
		7ABF0E2B1A2877D70049720C /* bg-had.png in Resources */ = {isa = PBXBuildFile; fileRef = 7ABF0E291A2877D70049720C /* bg-had.png */; };
		7ABFAE0619CEDB8F00476A99 /* CreateAccountViewController.swift in Sources */ = {isa = PBXBuildFile; fileRef = 7ABFAE0519CEDB8F00476A99 /* CreateAccountViewController.swift */; };
		7ABFAE0819CEDCEC00476A99 /* UserManager.swift in Sources */ = {isa = PBXBuildFile; fileRef = 7ABFAE0719CEDCEC00476A99 /* UserManager.swift */; };
		7AC6999A1A8E5A6500585ED5 /* launch-image@3x.png in Resources */ = {isa = PBXBuildFile; fileRef = 7AC699991A8E5A6500585ED5 /* launch-image@3x.png */; };
		7AD2FDD419E029D7008114A2 /* logo-had-launchimage.png in Resources */ = {isa = PBXBuildFile; fileRef = 7AD2FDD319E029D7008114A2 /* logo-had-launchimage.png */; };
		7AD673A819D0951C0079E682 /* app-icon-hadx2.png in Resources */ = {isa = PBXBuildFile; fileRef = 7AD673A619D0951C0079E682 /* app-icon-hadx2.png */; };
		7AD673A919D0951C0079E682 /* app-icon-hadx3.png in Resources */ = {isa = PBXBuildFile; fileRef = 7AD673A719D0951C0079E682 /* app-icon-hadx3.png */; };
		7AD673AE19D09B610079E682 /* launch-image-ipad.png in Resources */ = {isa = PBXBuildFile; fileRef = 7AD673AD19D09B610079E682 /* launch-image-ipad.png */; };
		7AD8E3161AB2233600BE4DFE /* female-icon.png in Resources */ = {isa = PBXBuildFile; fileRef = 7AD8E3151AB2233600BE4DFE /* female-icon.png */; };
		7AD8E3181AB2316700BE4DFE /* location-icon.png in Resources */ = {isa = PBXBuildFile; fileRef = 7AD8E3171AB2316700BE4DFE /* location-icon.png */; };
		7AD8E31B1AB237F900BE4DFE /* message-icon.png in Resources */ = {isa = PBXBuildFile; fileRef = 7AD8E3191AB237F900BE4DFE /* message-icon.png */; };
		7AD8E31C1AB237F900BE4DFE /* share-icon.png in Resources */ = {isa = PBXBuildFile; fileRef = 7AD8E31A1AB237F900BE4DFE /* share-icon.png */; };
		7ADC4B2519E0224400CDD8B9 /* launch-image-iphone6.png in Resources */ = {isa = PBXBuildFile; fileRef = 7ADC4B2119E0224400CDD8B9 /* launch-image-iphone6.png */; };
		7ADC4B2619E0224400CDD8B9 /* launch-image-iphone6plus-background.png in Resources */ = {isa = PBXBuildFile; fileRef = 7ADC4B2219E0224400CDD8B9 /* launch-image-iphone6plus-background.png */; };
		7ADC4B2719E0224400CDD8B9 /* launch-image-iphone6plus.png in Resources */ = {isa = PBXBuildFile; fileRef = 7ADC4B2319E0224400CDD8B9 /* launch-image-iphone6plus.png */; };
		7ADC4B2919E027BD00CDD8B9 /* intro-image-iphone6plus.jpg in Resources */ = {isa = PBXBuildFile; fileRef = 7ADC4B2819E027BD00CDD8B9 /* intro-image-iphone6plus.jpg */; };
		7ADC7A6E1A3096470087B83C /* stats-icon.png in Resources */ = {isa = PBXBuildFile; fileRef = 7ADC7A6D1A3096470087B83C /* stats-icon.png */; };
		7AE1D28E1A8D2E0000386387 /* ResponsiveTextFieldViewController.swift in Sources */ = {isa = PBXBuildFile; fileRef = 7AE1D28D1A8D2E0000386387 /* ResponsiveTextFieldViewController.swift */; };
		7AE2C8FA1AAF89BA00AD9C59 /* Lato-Italic.ttf in Resources */ = {isa = PBXBuildFile; fileRef = 7AE2C8F91AAF89BA00AD9C59 /* Lato-Italic.ttf */; };
		7AE2C8FC1AAF8E4300AD9C59 /* bg-blur@3x.png in Resources */ = {isa = PBXBuildFile; fileRef = 7AE2C8FB1AAF8E4300AD9C59 /* bg-blur@3x.png */; };
		7AE40E111A8BE4A30025D9BD /* bg-intro@3x.jpg in Resources */ = {isa = PBXBuildFile; fileRef = 7AE40E101A8BE4A30025D9BD /* bg-intro@3x.jpg */; };
		7AE40E131A8BEF860025D9BD /* bg-intro@3x.png in Resources */ = {isa = PBXBuildFile; fileRef = 7AE40E121A8BEF860025D9BD /* bg-intro@3x.png */; };
		7AF362FC1A535C250058A583 /* had-title@3x.png in Resources */ = {isa = PBXBuildFile; fileRef = 7AF362FB1A535C250058A583 /* had-title@3x.png */; };
		7AF659671A49F134002C6745 /* SWRevealViewController.m in Sources */ = {isa = PBXBuildFile; fileRef = 7AF659661A49F134002C6745 /* SWRevealViewController.m */; };
		7AF6596B1A49F74E002C6745 /* MainViewController.swift in Sources */ = {isa = PBXBuildFile; fileRef = 7AF6596A1A49F74E002C6745 /* MainViewController.swift */; };
		EB444F901A9527D600E533B2 /* structs.swift in Sources */ = {isa = PBXBuildFile; fileRef = EB444F8F1A9527D600E533B2 /* structs.swift */; };
		EB444F9C1A9BD45600E533B2 /* had.xcdatamodeld in Sources */ = {isa = PBXBuildFile; fileRef = EB444F9A1A9BD45600E533B2 /* had.xcdatamodeld */; };
		EB444F9E1A9E30A000E533B2 /* CoreData.framework in Frameworks */ = {isa = PBXBuildFile; fileRef = EB444F9D1A9E30A000E533B2 /* CoreData.framework */; };
		EB444FA01AAE3ADF00E533B2 /* LoginViewController.swift in Sources */ = {isa = PBXBuildFile; fileRef = EB444F9F1AAE3ADF00E533B2 /* LoginViewController.swift */; };
		EB444FA21AAE3F7700E533B2 /* SidebarViewController.swift in Sources */ = {isa = PBXBuildFile; fileRef = 7AF659681A49F235002C6745 /* SidebarViewController.swift */; };
		EB4813461AAF83AB004B5D53 /* user.plist in Resources */ = {isa = PBXBuildFile; fileRef = EB4813451AAF83AB004B5D53 /* user.plist */; };
		EBFD30211AB77BB600727E3F /* Security.framework in Frameworks */ = {isa = PBXBuildFile; fileRef = EBFD30201AB77BB600727E3F /* Security.framework */; };
		EBFD30241AB8CC3000727E3F /* KeychainWrapper.m in Sources */ = {isa = PBXBuildFile; fileRef = EBFD30231AB8CC3000727E3F /* KeychainWrapper.m */; };
		F61331F11A1E508C0007FAA1 /* CenterViewController.swift in Sources */ = {isa = PBXBuildFile; fileRef = F61331F01A1E508C0007FAA1 /* CenterViewController.swift */; };
		F61331F51A1E61F00007FAA1 /* MenuItem.swift in Sources */ = {isa = PBXBuildFile; fileRef = F61331F41A1E61F00007FAA1 /* MenuItem.swift */; };
		F61331F71A1E6FF40007FAA1 /* Main.storyboard in Resources */ = {isa = PBXBuildFile; fileRef = F61331F61A1E6FF40007FAA1 /* Main.storyboard */; };
		F6A5521E1A279D6A001C371E /* PlaceItem.swift in Sources */ = {isa = PBXBuildFile; fileRef = F6A5521D1A279D6A001C371E /* PlaceItem.swift */; };
		F6A552211A27A317001C371E /* Item.swift in Sources */ = {isa = PBXBuildFile; fileRef = F6A552201A27A317001C371E /* Item.swift */; };
		F6EEB7B41A23DC0200D72936 /* LeftViewController.swift in Sources */ = {isa = PBXBuildFile; fileRef = F6EEB7B31A23DC0200D72936 /* LeftViewController.swift */; };
/* End PBXBuildFile section */

/* Begin PBXContainerItemProxy section */
		7AA2250E19CDA9D1002003ED /* PBXContainerItemProxy */ = {
			isa = PBXContainerItemProxy;
			containerPortal = 7AA224EC19CDA9D0002003ED /* Project object */;
			proxyType = 1;
			remoteGlobalIDString = 7AA224F319CDA9D1002003ED;
			remoteInfo = had;
		};
/* End PBXContainerItemProxy section */

/* Begin PBXFileReference section */
		7A10456E1A8F779C008DAF8C /* signpainter-housescript-webfont.ttf */ = {isa = PBXFileReference; lastKnownFileType = file; path = "signpainter-housescript-webfont.ttf"; sourceTree = "<group>"; };
		7A1045701A8F7EC4008DAF8C /* Lato-BoldItalic.ttf */ = {isa = PBXFileReference; lastKnownFileType = file; path = "Lato-BoldItalic.ttf"; sourceTree = "<group>"; };
		7A1ACD021A2E5AF80033A2C5 /* bottle-active.png */ = {isa = PBXFileReference; lastKnownFileType = image.png; path = "bottle-active.png"; sourceTree = "<group>"; };
		7A1ACD051A2E5CBC0033A2C5 /* setting.png */ = {isa = PBXFileReference; lastKnownFileType = image.png; path = setting.png; sourceTree = "<group>"; };
		7A1ACD061A2E5CBC0033A2C5 /* turn-off.png */ = {isa = PBXFileReference; lastKnownFileType = image.png; path = "turn-off.png"; sourceTree = "<group>"; };
		7A1ACD0A1A2E5DEE0033A2C5 /* flux.png */ = {isa = PBXFileReference; lastKnownFileType = image.png; path = flux.png; sourceTree = "<group>"; };
		7A1ACD101A2E67B00033A2C5 /* hamburger.png */ = {isa = PBXFileReference; lastKnownFileType = image.png; path = hamburger.png; sourceTree = "<group>"; };
		7A1ACD141A2E68870033A2C5 /* hamburger2.png */ = {isa = PBXFileReference; lastKnownFileType = image.png; path = hamburger2.png; sourceTree = "<group>"; };
		7A4109B91A912FAE000487C5 /* left-arrow@3x.png */ = {isa = PBXFileReference; lastKnownFileType = image.png; path = "left-arrow@3x.png"; sourceTree = "<group>"; };
		7A5D63EC1A8BFC7800D09290 /* line-separator.png */ = {isa = PBXFileReference; lastKnownFileType = image.png; path = "line-separator.png"; sourceTree = "<group>"; };
		7A6B5F2E1A8CBBAF00851BA5 /* bottle-intro@3x.png */ = {isa = PBXFileReference; lastKnownFileType = image.png; path = "bottle-intro@3x.png"; sourceTree = "<group>"; };
		7A7C2A571A5B39CB000DFC3B /* stats-icon@3x.png */ = {isa = PBXFileReference; lastKnownFileType = image.png; path = "stats-icon@3x.png"; sourceTree = "<group>"; };
		7A8272F71A1D2D04004603FE /* MyPosition.swift */ = {isa = PBXFileReference; fileEncoding = 4; lastKnownFileType = sourcecode.swift; path = MyPosition.swift; sourceTree = "<group>"; };
		7A8272F91A1D3279004603FE /* CoreLocation.framework */ = {isa = PBXFileReference; lastKnownFileType = wrapper.framework; name = CoreLocation.framework; path = System/Library/Frameworks/CoreLocation.framework; sourceTree = SDKROOT; };
		7AA224F419CDA9D1002003ED /* had.app */ = {isa = PBXFileReference; explicitFileType = wrapper.application; includeInIndex = 0; path = had.app; sourceTree = BUILT_PRODUCTS_DIR; };
		7AA224F819CDA9D1002003ED /* Info.plist */ = {isa = PBXFileReference; lastKnownFileType = text.plist.xml; path = Info.plist; sourceTree = "<group>"; };
		7AA224F919CDA9D1002003ED /* AppDelegate.swift */ = {isa = PBXFileReference; lastKnownFileType = sourcecode.swift; path = AppDelegate.swift; sourceTree = "<group>"; };
		7AA224FB19CDA9D1002003ED /* RootViewController.swift */ = {isa = PBXFileReference; lastKnownFileType = sourcecode.swift; path = RootViewController.swift; sourceTree = "<group>"; };
		7AA224FD19CDA9D1002003ED /* DataViewController.swift */ = {isa = PBXFileReference; lastKnownFileType = sourcecode.swift; path = DataViewController.swift; sourceTree = "<group>"; };
		7AA224FF19CDA9D1002003ED /* ModelController.swift */ = {isa = PBXFileReference; lastKnownFileType = sourcecode.swift; path = ModelController.swift; sourceTree = "<group>"; };
		7AA2250419CDA9D1002003ED /* Images.xcassets */ = {isa = PBXFileReference; lastKnownFileType = folder.assetcatalog; path = Images.xcassets; sourceTree = "<group>"; };
		7AA2250719CDA9D1002003ED /* Base */ = {isa = PBXFileReference; lastKnownFileType = file.xib; name = Base; path = Base.lproj/LaunchScreen.xib; sourceTree = "<group>"; };
		7AA2250D19CDA9D1002003ED /* hadTests.xctest */ = {isa = PBXFileReference; explicitFileType = wrapper.cfbundle; includeInIndex = 0; path = hadTests.xctest; sourceTree = BUILT_PRODUCTS_DIR; };
		7AA2251219CDA9D1002003ED /* Info.plist */ = {isa = PBXFileReference; lastKnownFileType = text.plist.xml; path = Info.plist; sourceTree = "<group>"; };
		7AA2251319CDA9D1002003ED /* hadTests.swift */ = {isa = PBXFileReference; lastKnownFileType = sourcecode.swift; path = hadTests.swift; sourceTree = "<group>"; };
		7AA2251D19CDBE96002003ED /* IntroductionViewController.swift */ = {isa = PBXFileReference; fileEncoding = 4; lastKnownFileType = sourcecode.swift; path = IntroductionViewController.swift; sourceTree = "<group>"; };
		7AA2251F19CDBED4002003ED /* xmlHttpRequest.swift */ = {isa = PBXFileReference; fileEncoding = 4; lastKnownFileType = sourcecode.swift; path = xmlHttpRequest.swift; sourceTree = "<group>"; };
		7ABC6A9F19D489DB00B18DC8 /* Lato-Light.ttf */ = {isa = PBXFileReference; lastKnownFileType = file; path = "Lato-Light.ttf"; sourceTree = "<group>"; };
		7ABC6AA019D489DB00B18DC8 /* Lato-Regular.ttf */ = {isa = PBXFileReference; lastKnownFileType = file; path = "Lato-Regular.ttf"; sourceTree = "<group>"; };
		7ABF0E1F1A2877110049720C /* bottle.png */ = {isa = PBXFileReference; lastKnownFileType = image.png; path = bottle.png; sourceTree = "<group>"; };
		7ABF0E291A2877D70049720C /* bg-had.png */ = {isa = PBXFileReference; lastKnownFileType = image.png; path = "bg-had.png"; sourceTree = "<group>"; };
		7ABFAE0519CEDB8F00476A99 /* CreateAccountViewController.swift */ = {isa = PBXFileReference; fileEncoding = 4; lastKnownFileType = sourcecode.swift; path = CreateAccountViewController.swift; sourceTree = "<group>"; };
		7ABFAE0719CEDCEC00476A99 /* UserManager.swift */ = {isa = PBXFileReference; fileEncoding = 4; lastKnownFileType = sourcecode.swift; path = UserManager.swift; sourceTree = "<group>"; };
		7AC699991A8E5A6500585ED5 /* launch-image@3x.png */ = {isa = PBXFileReference; lastKnownFileType = image.png; path = "launch-image@3x.png"; sourceTree = "<group>"; };
		7AD2FDD319E029D7008114A2 /* logo-had-launchimage.png */ = {isa = PBXFileReference; lastKnownFileType = image.png; path = "logo-had-launchimage.png"; sourceTree = "<group>"; };
		7AD673A619D0951C0079E682 /* app-icon-hadx2.png */ = {isa = PBXFileReference; lastKnownFileType = image.png; path = "app-icon-hadx2.png"; sourceTree = "<group>"; };
		7AD673A719D0951C0079E682 /* app-icon-hadx3.png */ = {isa = PBXFileReference; lastKnownFileType = image.png; path = "app-icon-hadx3.png"; sourceTree = "<group>"; };
		7AD673AD19D09B610079E682 /* launch-image-ipad.png */ = {isa = PBXFileReference; lastKnownFileType = image.png; path = "launch-image-ipad.png"; sourceTree = "<group>"; };
		7AD8E3151AB2233600BE4DFE /* female-icon.png */ = {isa = PBXFileReference; lastKnownFileType = image.png; path = "female-icon.png"; sourceTree = "<group>"; };
		7AD8E3171AB2316700BE4DFE /* location-icon.png */ = {isa = PBXFileReference; lastKnownFileType = image.png; path = "location-icon.png"; sourceTree = "<group>"; };
		7AD8E3191AB237F900BE4DFE /* message-icon.png */ = {isa = PBXFileReference; lastKnownFileType = image.png; path = "message-icon.png"; sourceTree = "<group>"; };
		7AD8E31A1AB237F900BE4DFE /* share-icon.png */ = {isa = PBXFileReference; lastKnownFileType = image.png; path = "share-icon.png"; sourceTree = "<group>"; };
		7ADC4B2019E0224400CDD8B9 /* launch-image-ipad.png */ = {isa = PBXFileReference; lastKnownFileType = image.png; path = "launch-image-ipad.png"; sourceTree = "<group>"; };
		7ADC4B2119E0224400CDD8B9 /* launch-image-iphone6.png */ = {isa = PBXFileReference; lastKnownFileType = image.png; path = "launch-image-iphone6.png"; sourceTree = "<group>"; };
		7ADC4B2219E0224400CDD8B9 /* launch-image-iphone6plus-background.png */ = {isa = PBXFileReference; lastKnownFileType = image.png; path = "launch-image-iphone6plus-background.png"; sourceTree = "<group>"; };
		7ADC4B2319E0224400CDD8B9 /* launch-image-iphone6plus.png */ = {isa = PBXFileReference; lastKnownFileType = image.png; path = "launch-image-iphone6plus.png"; sourceTree = "<group>"; };
		7ADC4B2819E027BD00CDD8B9 /* intro-image-iphone6plus.jpg */ = {isa = PBXFileReference; lastKnownFileType = image.jpeg; path = "intro-image-iphone6plus.jpg"; sourceTree = "<group>"; };
		7ADC7A6D1A3096470087B83C /* stats-icon.png */ = {isa = PBXFileReference; lastKnownFileType = image.png; path = "stats-icon.png"; sourceTree = "<group>"; };
		7AE1D28D1A8D2E0000386387 /* ResponsiveTextFieldViewController.swift */ = {isa = PBXFileReference; fileEncoding = 4; lastKnownFileType = sourcecode.swift; path = ResponsiveTextFieldViewController.swift; sourceTree = "<group>"; };
		7AE2C8F91AAF89BA00AD9C59 /* Lato-Italic.ttf */ = {isa = PBXFileReference; lastKnownFileType = file; path = "Lato-Italic.ttf"; sourceTree = "<group>"; };
		7AE2C8FB1AAF8E4300AD9C59 /* bg-blur@3x.png */ = {isa = PBXFileReference; lastKnownFileType = image.png; path = "bg-blur@3x.png"; sourceTree = "<group>"; };
		7AE40E101A8BE4A30025D9BD /* bg-intro@3x.jpg */ = {isa = PBXFileReference; lastKnownFileType = image.jpeg; path = "bg-intro@3x.jpg"; sourceTree = "<group>"; };
		7AE40E121A8BEF860025D9BD /* bg-intro@3x.png */ = {isa = PBXFileReference; lastKnownFileType = image.png; path = "bg-intro@3x.png"; sourceTree = "<group>"; };
		7AF362FB1A535C250058A583 /* had-title@3x.png */ = {isa = PBXFileReference; lastKnownFileType = image.png; path = "had-title@3x.png"; sourceTree = "<group>"; };
		7AF659641A49F133002C6745 /* had-Bridging-Header.h */ = {isa = PBXFileReference; lastKnownFileType = sourcecode.c.h; path = "had-Bridging-Header.h"; sourceTree = "<group>"; };
		7AF659651A49F134002C6745 /* SWRevealViewController.h */ = {isa = PBXFileReference; fileEncoding = 4; lastKnownFileType = sourcecode.c.h; path = SWRevealViewController.h; sourceTree = "<group>"; };
		7AF659661A49F134002C6745 /* SWRevealViewController.m */ = {isa = PBXFileReference; fileEncoding = 4; lastKnownFileType = sourcecode.c.objc; path = SWRevealViewController.m; sourceTree = "<group>"; };
		7AF659681A49F235002C6745 /* SidebarViewController.swift */ = {isa = PBXFileReference; fileEncoding = 4; lastKnownFileType = sourcecode.swift; path = SidebarViewController.swift; sourceTree = "<group>"; };
		7AF6596A1A49F74E002C6745 /* MainViewController.swift */ = {isa = PBXFileReference; fileEncoding = 4; lastKnownFileType = sourcecode.swift; path = MainViewController.swift; sourceTree = "<group>"; };
		EB444F8F1A9527D600E533B2 /* structs.swift */ = {isa = PBXFileReference; fileEncoding = 4; lastKnownFileType = sourcecode.swift; path = structs.swift; sourceTree = "<group>"; };
		EB444F9B1A9BD45600E533B2 /* had.xcdatamodel */ = {isa = PBXFileReference; lastKnownFileType = wrapper.xcdatamodel; path = had.xcdatamodel; sourceTree = "<group>"; };
		EB444F9D1A9E30A000E533B2 /* CoreData.framework */ = {isa = PBXFileReference; lastKnownFileType = wrapper.framework; name = CoreData.framework; path = System/Library/Frameworks/CoreData.framework; sourceTree = SDKROOT; };
		EB444F9F1AAE3ADF00E533B2 /* LoginViewController.swift */ = {isa = PBXFileReference; fileEncoding = 4; lastKnownFileType = sourcecode.swift; path = LoginViewController.swift; sourceTree = "<group>"; };
		EB4813451AAF83AB004B5D53 /* user.plist */ = {isa = PBXFileReference; fileEncoding = 4; lastKnownFileType = text.plist.xml; path = user.plist; sourceTree = "<group>"; };
		EBFD30201AB77BB600727E3F /* Security.framework */ = {isa = PBXFileReference; lastKnownFileType = wrapper.framework; name = Security.framework; path = System/Library/Frameworks/Security.framework; sourceTree = SDKROOT; };
		EBFD30221AB8CC3000727E3F /* KeychainWrapper.h */ = {isa = PBXFileReference; fileEncoding = 4; lastKnownFileType = sourcecode.c.h; path = KeychainWrapper.h; sourceTree = "<group>"; };
		EBFD30231AB8CC3000727E3F /* KeychainWrapper.m */ = {isa = PBXFileReference; fileEncoding = 4; lastKnownFileType = sourcecode.c.objc; path = KeychainWrapper.m; sourceTree = "<group>"; };
		F61331F01A1E508C0007FAA1 /* CenterViewController.swift */ = {isa = PBXFileReference; fileEncoding = 4; lastKnownFileType = sourcecode.swift; path = CenterViewController.swift; sourceTree = "<group>"; };
		F61331F41A1E61F00007FAA1 /* MenuItem.swift */ = {isa = PBXFileReference; fileEncoding = 4; lastKnownFileType = sourcecode.swift; path = MenuItem.swift; sourceTree = "<group>"; };
		F61331F61A1E6FF40007FAA1 /* Main.storyboard */ = {isa = PBXFileReference; fileEncoding = 4; lastKnownFileType = file.storyboard; path = Main.storyboard; sourceTree = "<group>"; };
		F6A5521D1A279D6A001C371E /* PlaceItem.swift */ = {isa = PBXFileReference; fileEncoding = 4; lastKnownFileType = sourcecode.swift; path = PlaceItem.swift; sourceTree = "<group>"; };
		F6A552201A27A317001C371E /* Item.swift */ = {isa = PBXFileReference; fileEncoding = 4; lastKnownFileType = sourcecode.swift; path = Item.swift; sourceTree = "<group>"; };
		F6EEB7B31A23DC0200D72936 /* LeftViewController.swift */ = {isa = PBXFileReference; fileEncoding = 4; lastKnownFileType = sourcecode.swift; path = LeftViewController.swift; sourceTree = "<group>"; };
/* End PBXFileReference section */

/* Begin PBXFrameworksBuildPhase section */
		7AA224F119CDA9D1002003ED /* Frameworks */ = {
			isa = PBXFrameworksBuildPhase;
			buildActionMask = 2147483647;
			files = (
				EBFD30211AB77BB600727E3F /* Security.framework in Frameworks */,
				EB444F9E1A9E30A000E533B2 /* CoreData.framework in Frameworks */,
				7A8272FA1A1D3279004603FE /* CoreLocation.framework in Frameworks */,
			);
			runOnlyForDeploymentPostprocessing = 0;
		};
		7AA2250A19CDA9D1002003ED /* Frameworks */ = {
			isa = PBXFrameworksBuildPhase;
			buildActionMask = 2147483647;
			files = (
			);
			runOnlyForDeploymentPostprocessing = 0;
		};
/* End PBXFrameworksBuildPhase section */

/* Begin PBXGroup section */
		7A5B7BED19D03DDA0023AAC5 /* images */ = {
			isa = PBXGroup;
			children = (
				7AF362FB1A535C250058A583 /* had-title@3x.png */,
				7AE40E101A8BE4A30025D9BD /* bg-intro@3x.jpg */,
				7ADC7A6D1A3096470087B83C /* stats-icon.png */,
				7A7C2A571A5B39CB000DFC3B /* stats-icon@3x.png */,
				7A1ACD0A1A2E5DEE0033A2C5 /* flux.png */,
				7A1ACD051A2E5CBC0033A2C5 /* setting.png */,
				7AE40E121A8BEF860025D9BD /* bg-intro@3x.png */,
				7A1ACD061A2E5CBC0033A2C5 /* turn-off.png */,
				7A1ACD101A2E67B00033A2C5 /* hamburger.png */,
				7AD8E3151AB2233600BE4DFE /* female-icon.png */,
				7A6B5F2E1A8CBBAF00851BA5 /* bottle-intro@3x.png */,
				7AD8E3191AB237F900BE4DFE /* message-icon.png */,
				7AD8E31A1AB237F900BE4DFE /* share-icon.png */,
				7A5D63EC1A8BFC7800D09290 /* line-separator.png */,
				7AD8E3171AB2316700BE4DFE /* location-icon.png */,
				7A1ACD021A2E5AF80033A2C5 /* bottle-active.png */,
				7ABF0E291A2877D70049720C /* bg-had.png */,
				7AC699991A8E5A6500585ED5 /* launch-image@3x.png */,
				7AD673AD19D09B610079E682 /* launch-image-ipad.png */,
				7A1ACD141A2E68870033A2C5 /* hamburger2.png */,
				7AE2C8FB1AAF8E4300AD9C59 /* bg-blur@3x.png */,
				7A4109B91A912FAE000487C5 /* left-arrow@3x.png */,
				7ABC6A9F19D489DB00B18DC8 /* Lato-Light.ttf */,
				7ADC4B2019E0224400CDD8B9 /* launch-image-ipad.png */,
				7ADC4B2819E027BD00CDD8B9 /* intro-image-iphone6plus.jpg */,
				7A10456E1A8F779C008DAF8C /* signpainter-housescript-webfont.ttf */,
				7AD2FDD319E029D7008114A2 /* logo-had-launchimage.png */,
				7ABF0E1F1A2877110049720C /* bottle.png */,
				7ADC4B2119E0224400CDD8B9 /* launch-image-iphone6.png */,
				7ADC4B2219E0224400CDD8B9 /* launch-image-iphone6plus-background.png */,
				7ADC4B2319E0224400CDD8B9 /* launch-image-iphone6plus.png */,
				7A1045701A8F7EC4008DAF8C /* Lato-BoldItalic.ttf */,
				7AE2C8F91AAF89BA00AD9C59 /* Lato-Italic.ttf */,
				7ABC6AA019D489DB00B18DC8 /* Lato-Regular.ttf */,
				7AD673A619D0951C0079E682 /* app-icon-hadx2.png */,
				7AD673A719D0951C0079E682 /* app-icon-hadx3.png */,
			);
			name = images;
			sourceTree = "<group>";
		};
		7AA224EB19CDA9D0002003ED = {
			isa = PBXGroup;
			children = (
				EBFD30201AB77BB600727E3F /* Security.framework */,
				EB444F9D1A9E30A000E533B2 /* CoreData.framework */,
				7A8272F91A1D3279004603FE /* CoreLocation.framework */,
				7AA224F619CDA9D1002003ED /* had */,
				7AA2251019CDA9D1002003ED /* hadTests */,
				7AA224F519CDA9D1002003ED /* Products */,
			);
			sourceTree = "<group>";
		};
		7AA224F519CDA9D1002003ED /* Products */ = {
			isa = PBXGroup;
			children = (
				7AA224F419CDA9D1002003ED /* had.app */,
				7AA2250D19CDA9D1002003ED /* hadTests.xctest */,
			);
			name = Products;
			sourceTree = "<group>";
		};
		7AA224F619CDA9D1002003ED /* had */ = {
			isa = PBXGroup;
			children = (
				7AF659631A49F111002C6745 /* library */,
				F6E2B65A1A2F9F8C00B085DC /* Controller */,
				F6A5521F1A27A2E5001C371E /* ItemCell */,
				7AA224F919CDA9D1002003ED /* AppDelegate.swift */,
				7ABFAE0719CEDCEC00476A99 /* UserManager.swift */,
				7A8272F71A1D2D04004603FE /* MyPosition.swift */,
				7AA2251F19CDBED4002003ED /* xmlHttpRequest.swift */,
				7AA2250419CDA9D1002003ED /* Images.xcassets */,
				7AA2250619CDA9D1002003ED /* LaunchScreen.xib */,
				7A5B7BED19D03DDA0023AAC5 /* images */,
				7AA224F719CDA9D1002003ED /* Supporting Files */,
				F61331F61A1E6FF40007FAA1 /* Main.storyboard */,
				EB4813451AAF83AB004B5D53 /* user.plist */,
			);
			path = had;
			sourceTree = "<group>";
		};
		7AA224F719CDA9D1002003ED /* Supporting Files */ = {
			isa = PBXGroup;
			children = (
				7AA224F819CDA9D1002003ED /* Info.plist */,
			);
			name = "Supporting Files";
			sourceTree = "<group>";
		};
		7AA2251019CDA9D1002003ED /* hadTests */ = {
			isa = PBXGroup;
			children = (
				7AA2251319CDA9D1002003ED /* hadTests.swift */,
				7AA2251119CDA9D1002003ED /* Supporting Files */,
			);
			path = hadTests;
			sourceTree = "<group>";
		};
		7AA2251119CDA9D1002003ED /* Supporting Files */ = {
			isa = PBXGroup;
			children = (
				7AA2251219CDA9D1002003ED /* Info.plist */,
			);
			name = "Supporting Files";
			sourceTree = "<group>";
		};
		7AF659631A49F111002C6745 /* library */ = {
			isa = PBXGroup;
			children = (
				EBFD30221AB8CC3000727E3F /* KeychainWrapper.h */,
				EBFD30231AB8CC3000727E3F /* KeychainWrapper.m */,
				7AF659651A49F134002C6745 /* SWRevealViewController.h */,
				7AF659661A49F134002C6745 /* SWRevealViewController.m */,
				7AF659641A49F133002C6745 /* had-Bridging-Header.h */,
			);
			name = library;
			sourceTree = "<group>";
		};
		F6A5521F1A27A2E5001C371E /* ItemCell */ = {
			isa = PBXGroup;
			children = (
				EB444F9A1A9BD45600E533B2 /* had.xcdatamodeld */,
				EB444F8F1A9527D600E533B2 /* structs.swift */,
				F61331F41A1E61F00007FAA1 /* MenuItem.swift */,
				F6A5521D1A279D6A001C371E /* PlaceItem.swift */,
				F6A552201A27A317001C371E /* Item.swift */,
			);
			name = ItemCell;
			sourceTree = "<group>";
		};
		F6E2B65A1A2F9F8C00B085DC /* Controller */ = {
			isa = PBXGroup;
			children = (
				7AA224FB19CDA9D1002003ED /* RootViewController.swift */,
				7AA224FD19CDA9D1002003ED /* DataViewController.swift */,
				7ABFAE0519CEDB8F00476A99 /* CreateAccountViewController.swift */,
				7AA224FF19CDA9D1002003ED /* ModelController.swift */,
				7AA2251D19CDBE96002003ED /* IntroductionViewController.swift */,
				7AE1D28D1A8D2E0000386387 /* ResponsiveTextFieldViewController.swift */,
				F61331F01A1E508C0007FAA1 /* CenterViewController.swift */,
				F6EEB7B31A23DC0200D72936 /* LeftViewController.swift */,
				7AF659681A49F235002C6745 /* SidebarViewController.swift */,
				7AF6596A1A49F74E002C6745 /* MainViewController.swift */,
				EB444F9F1AAE3ADF00E533B2 /* LoginViewController.swift */,
			);
			name = Controller;
			sourceTree = "<group>";
		};
/* End PBXGroup section */

/* Begin PBXNativeTarget section */
		7AA224F319CDA9D1002003ED /* had */ = {
			isa = PBXNativeTarget;
			buildConfigurationList = 7AA2251719CDA9D1002003ED /* Build configuration list for PBXNativeTarget "had" */;
			buildPhases = (
				7AA224F019CDA9D1002003ED /* Sources */,
				7AA224F119CDA9D1002003ED /* Frameworks */,
				7AA224F219CDA9D1002003ED /* Resources */,
			);
			buildRules = (
			);
			dependencies = (
			);
			name = had;
			productName = had;
			productReference = 7AA224F419CDA9D1002003ED /* had.app */;
			productType = "com.apple.product-type.application";
		};
		7AA2250C19CDA9D1002003ED /* hadTests */ = {
			isa = PBXNativeTarget;
			buildConfigurationList = 7AA2251A19CDA9D1002003ED /* Build configuration list for PBXNativeTarget "hadTests" */;
			buildPhases = (
				7AA2250919CDA9D1002003ED /* Sources */,
				7AA2250A19CDA9D1002003ED /* Frameworks */,
				7AA2250B19CDA9D1002003ED /* Resources */,
			);
			buildRules = (
			);
			dependencies = (
				7AA2250F19CDA9D1002003ED /* PBXTargetDependency */,
			);
			name = hadTests;
			productName = hadTests;
			productReference = 7AA2250D19CDA9D1002003ED /* hadTests.xctest */;
			productType = "com.apple.product-type.bundle.unit-test";
		};
/* End PBXNativeTarget section */

/* Begin PBXProject section */
		7AA224EC19CDA9D0002003ED /* Project object */ = {
			isa = PBXProject;
			attributes = {
				LastUpgradeCheck = 0610;
				ORGANIZATIONNAME = had;
				TargetAttributes = {
					7AA224F319CDA9D1002003ED = {
						CreatedOnToolsVersion = 6.0.1;
						DevelopmentTeam = 356ZH6XUVH;
					};
					7AA2250C19CDA9D1002003ED = {
						CreatedOnToolsVersion = 6.0.1;
						TestTargetID = 7AA224F319CDA9D1002003ED;
					};
				};
			};
			buildConfigurationList = 7AA224EF19CDA9D0002003ED /* Build configuration list for PBXProject "had" */;
			compatibilityVersion = "Xcode 3.2";
			developmentRegion = English;
			hasScannedForEncodings = 0;
			knownRegions = (
				en,
				Base,
			);
			mainGroup = 7AA224EB19CDA9D0002003ED;
			productRefGroup = 7AA224F519CDA9D1002003ED /* Products */;
			projectDirPath = "";
			projectRoot = "";
			targets = (
				7AA224F319CDA9D1002003ED /* had */,
				7AA2250C19CDA9D1002003ED /* hadTests */,
			);
		};
/* End PBXProject section */

/* Begin PBXResourcesBuildPhase section */
		7AA224F219CDA9D1002003ED /* Resources */ = {
			isa = PBXResourcesBuildPhase;
			buildActionMask = 2147483647;
			files = (
				7A7C2A581A5B39CB000DFC3B /* stats-icon@3x.png in Resources */,
				7AC6999A1A8E5A6500585ED5 /* launch-image@3x.png in Resources */,
				7A1ACD111A2E67B00033A2C5 /* hamburger.png in Resources */,
				7AD8E3181AB2316700BE4DFE /* location-icon.png in Resources */,
				7A5D63ED1A8BFC7800D09290 /* line-separator.png in Resources */,
				7AE2C8FA1AAF89BA00AD9C59 /* Lato-Italic.ttf in Resources */,
				7AD673A819D0951C0079E682 /* app-icon-hadx2.png in Resources */,
				7A10456F1A8F779C008DAF8C /* signpainter-housescript-webfont.ttf in Resources */,
				7A1ACD0B1A2E5DEE0033A2C5 /* flux.png in Resources */,
				EB4813461AAF83AB004B5D53 /* user.plist in Resources */,
				7AE40E111A8BE4A30025D9BD /* bg-intro@3x.jpg in Resources */,
				7ADC4B2919E027BD00CDD8B9 /* intro-image-iphone6plus.jpg in Resources */,
				7ADC4B2519E0224400CDD8B9 /* launch-image-iphone6.png in Resources */,
				7ABC6AA119D489DB00B18DC8 /* Lato-Light.ttf in Resources */,
				F61331F71A1E6FF40007FAA1 /* Main.storyboard in Resources */,
				7A1ACD151A2E68870033A2C5 /* hamburger2.png in Resources */,
				7ADC4B2719E0224400CDD8B9 /* launch-image-iphone6plus.png in Resources */,
				7A1ACD081A2E5CBC0033A2C5 /* setting.png in Resources */,
				7AD8E3161AB2233600BE4DFE /* female-icon.png in Resources */,
				7AD673A919D0951C0079E682 /* app-icon-hadx3.png in Resources */,
				7AE40E131A8BEF860025D9BD /* bg-intro@3x.png in Resources */,
				7AA2250819CDA9D1002003ED /* LaunchScreen.xib in Resources */,
				7AE2C8FC1AAF8E4300AD9C59 /* bg-blur@3x.png in Resources */,
				7A4109BA1A912FAE000487C5 /* left-arrow@3x.png in Resources */,
				7ADC7A6E1A3096470087B83C /* stats-icon.png in Resources */,
				7A1ACD091A2E5CBC0033A2C5 /* turn-off.png in Resources */,
				7ABF0E2B1A2877D70049720C /* bg-had.png in Resources */,
				7A1045711A8F7EC4008DAF8C /* Lato-BoldItalic.ttf in Resources */,
				7AF362FC1A535C250058A583 /* had-title@3x.png in Resources */,
				7ADC4B2619E0224400CDD8B9 /* launch-image-iphone6plus-background.png in Resources */,
				7ABC6AA219D489DB00B18DC8 /* Lato-Regular.ttf in Resources */,
				7AD8E31C1AB237F900BE4DFE /* share-icon.png in Resources */,
				7ABF0E201A2877110049720C /* bottle.png in Resources */,
				7AA2250519CDA9D1002003ED /* Images.xcassets in Resources */,
				7A6B5F2F1A8CBBAF00851BA5 /* bottle-intro@3x.png in Resources */,
				7AD673AE19D09B610079E682 /* launch-image-ipad.png in Resources */,
				7A1ACD031A2E5AF80033A2C5 /* bottle-active.png in Resources */,
				7AD2FDD419E029D7008114A2 /* logo-had-launchimage.png in Resources */,
				7AD8E31B1AB237F900BE4DFE /* message-icon.png in Resources */,
			);
			runOnlyForDeploymentPostprocessing = 0;
		};
		7AA2250B19CDA9D1002003ED /* Resources */ = {
			isa = PBXResourcesBuildPhase;
			buildActionMask = 2147483647;
			files = (
			);
			runOnlyForDeploymentPostprocessing = 0;
		};
/* End PBXResourcesBuildPhase section */

/* Begin PBXSourcesBuildPhase section */
		7AA224F019CDA9D1002003ED /* Sources */ = {
			isa = PBXSourcesBuildPhase;
			buildActionMask = 2147483647;
			files = (
				EB444FA01AAE3ADF00E533B2 /* LoginViewController.swift in Sources */,
				7AE1D28E1A8D2E0000386387 /* ResponsiveTextFieldViewController.swift in Sources */,
				F6A5521E1A279D6A001C371E /* PlaceItem.swift in Sources */,
				EB444F901A9527D600E533B2 /* structs.swift in Sources */,
				7A8272F81A1D2D04004603FE /* MyPosition.swift in Sources */,
				7ABFAE0619CEDB8F00476A99 /* CreateAccountViewController.swift in Sources */,
				7AA224FC19CDA9D1002003ED /* RootViewController.swift in Sources */,
				EBFD30241AB8CC3000727E3F /* KeychainWrapper.m in Sources */,
				7AA2252019CDBED4002003ED /* xmlHttpRequest.swift in Sources */,
				7AA2251E19CDBE96002003ED /* IntroductionViewController.swift in Sources */,
				7AA2250019CDA9D1002003ED /* ModelController.swift in Sources */,
				EB444F9C1A9BD45600E533B2 /* had.xcdatamodeld in Sources */,
				7AF6596B1A49F74E002C6745 /* MainViewController.swift in Sources */,
				F61331F51A1E61F00007FAA1 /* MenuItem.swift in Sources */,
				EB444FA21AAE3F7700E533B2 /* SidebarViewController.swift in Sources */,
				7AA224FE19CDA9D1002003ED /* DataViewController.swift in Sources */,
				F6A552211A27A317001C371E /* Item.swift in Sources */,
				7AF659671A49F134002C6745 /* SWRevealViewController.m in Sources */,
				F61331F11A1E508C0007FAA1 /* CenterViewController.swift in Sources */,
				7ABFAE0819CEDCEC00476A99 /* UserManager.swift in Sources */,
				F6EEB7B41A23DC0200D72936 /* LeftViewController.swift in Sources */,
				7AA224FA19CDA9D1002003ED /* AppDelegate.swift in Sources */,
			);
			runOnlyForDeploymentPostprocessing = 0;
		};
		7AA2250919CDA9D1002003ED /* Sources */ = {
			isa = PBXSourcesBuildPhase;
			buildActionMask = 2147483647;
			files = (
				7AA2251419CDA9D1002003ED /* hadTests.swift in Sources */,
			);
			runOnlyForDeploymentPostprocessing = 0;
		};
/* End PBXSourcesBuildPhase section */

/* Begin PBXTargetDependency section */
		7AA2250F19CDA9D1002003ED /* PBXTargetDependency */ = {
			isa = PBXTargetDependency;
			target = 7AA224F319CDA9D1002003ED /* had */;
			targetProxy = 7AA2250E19CDA9D1002003ED /* PBXContainerItemProxy */;
		};
/* End PBXTargetDependency section */

/* Begin PBXVariantGroup section */
		7AA2250619CDA9D1002003ED /* LaunchScreen.xib */ = {
			isa = PBXVariantGroup;
			children = (
				7AA2250719CDA9D1002003ED /* Base */,
			);
			name = LaunchScreen.xib;
			sourceTree = "<group>";
		};
/* End PBXVariantGroup section */

/* Begin XCBuildConfiguration section */
		7AA2251519CDA9D1002003ED /* Debug */ = {
			isa = XCBuildConfiguration;
			buildSettings = {
				ALWAYS_SEARCH_USER_PATHS = NO;
				CLANG_CXX_LANGUAGE_STANDARD = "gnu++0x";
				CLANG_CXX_LIBRARY = "libc++";
				CLANG_ENABLE_MODULES = YES;
				CLANG_ENABLE_OBJC_ARC = YES;
				CLANG_WARN_BOOL_CONVERSION = YES;
				CLANG_WARN_CONSTANT_CONVERSION = YES;
				CLANG_WARN_DIRECT_OBJC_ISA_USAGE = YES_ERROR;
				CLANG_WARN_EMPTY_BODY = YES;
				CLANG_WARN_ENUM_CONVERSION = YES;
				CLANG_WARN_INT_CONVERSION = YES;
				CLANG_WARN_OBJC_ROOT_CLASS = YES_ERROR;
				CLANG_WARN_UNREACHABLE_CODE = YES;
				CLANG_WARN__DUPLICATE_METHOD_MATCH = YES;
				CODE_SIGN_IDENTITY = "iPhone Developer";
				"CODE_SIGN_IDENTITY[sdk=iphoneos*]" = "iPhone Developer";
				COPY_PHASE_STRIP = NO;
				ENABLE_STRICT_OBJC_MSGSEND = YES;
				GCC_C_LANGUAGE_STANDARD = gnu99;
				GCC_DYNAMIC_NO_PIC = NO;
				GCC_OPTIMIZATION_LEVEL = 0;
				GCC_PREPROCESSOR_DEFINITIONS = (
					"DEBUG=1",
					"$(inherited)",
				);
				GCC_SYMBOLS_PRIVATE_EXTERN = NO;
				GCC_WARN_64_TO_32_BIT_CONVERSION = YES;
				GCC_WARN_ABOUT_RETURN_TYPE = YES_ERROR;
				GCC_WARN_UNDECLARED_SELECTOR = YES;
				GCC_WARN_UNINITIALIZED_AUTOS = YES_AGGRESSIVE;
				GCC_WARN_UNUSED_FUNCTION = YES;
				GCC_WARN_UNUSED_VARIABLE = YES;
				IPHONEOS_DEPLOYMENT_TARGET = 8.0;
				MTL_ENABLE_DEBUG_INFO = YES;
				ONLY_ACTIVE_ARCH = YES;
				SDKROOT = iphoneos;
				SWIFT_OPTIMIZATION_LEVEL = "-Onone";
				TARGETED_DEVICE_FAMILY = "1,2";
			};
			name = Debug;
		};
		7AA2251619CDA9D1002003ED /* Release */ = {
			isa = XCBuildConfiguration;
			buildSettings = {
				ALWAYS_SEARCH_USER_PATHS = NO;
				CLANG_CXX_LANGUAGE_STANDARD = "gnu++0x";
				CLANG_CXX_LIBRARY = "libc++";
				CLANG_ENABLE_MODULES = YES;
				CLANG_ENABLE_OBJC_ARC = YES;
				CLANG_WARN_BOOL_CONVERSION = YES;
				CLANG_WARN_CONSTANT_CONVERSION = YES;
				CLANG_WARN_DIRECT_OBJC_ISA_USAGE = YES_ERROR;
				CLANG_WARN_EMPTY_BODY = YES;
				CLANG_WARN_ENUM_CONVERSION = YES;
				CLANG_WARN_INT_CONVERSION = YES;
				CLANG_WARN_OBJC_ROOT_CLASS = YES_ERROR;
				CLANG_WARN_UNREACHABLE_CODE = YES;
				CLANG_WARN__DUPLICATE_METHOD_MATCH = YES;
				CODE_SIGN_IDENTITY = "iPhone Developer";
				"CODE_SIGN_IDENTITY[sdk=iphoneos*]" = "iPhone Developer";
				COPY_PHASE_STRIP = YES;
				ENABLE_NS_ASSERTIONS = NO;
				ENABLE_STRICT_OBJC_MSGSEND = YES;
				GCC_C_LANGUAGE_STANDARD = gnu99;
				GCC_WARN_64_TO_32_BIT_CONVERSION = YES;
				GCC_WARN_ABOUT_RETURN_TYPE = YES_ERROR;
				GCC_WARN_UNDECLARED_SELECTOR = YES;
				GCC_WARN_UNINITIALIZED_AUTOS = YES_AGGRESSIVE;
				GCC_WARN_UNUSED_FUNCTION = YES;
				GCC_WARN_UNUSED_VARIABLE = YES;
				IPHONEOS_DEPLOYMENT_TARGET = 8.0;
				MTL_ENABLE_DEBUG_INFO = NO;
				SDKROOT = iphoneos;
				TARGETED_DEVICE_FAMILY = "1,2";
				VALIDATE_PRODUCT = YES;
			};
			name = Release;
		};
		7AA2251819CDA9D1002003ED /* Debug */ = {
			isa = XCBuildConfiguration;
			buildSettings = {
				ASSETCATALOG_COMPILER_APPICON_NAME = AppIcon;
				CLANG_ENABLE_MODULES = YES;
				CODE_SIGN_IDENTITY = "iPhone Developer";
				INFOPLIST_FILE = had/Info.plist;
				LD_RUNPATH_SEARCH_PATHS = "$(inherited) @executable_path/Frameworks";
				PRODUCT_NAME = "$(TARGET_NAME)";
				SWIFT_OBJC_BRIDGING_HEADER = "had/had-Bridging-Header.h";
				SWIFT_OPTIMIZATION_LEVEL = "-Onone";
			};
			name = Debug;
		};
		7AA2251919CDA9D1002003ED /* Release */ = {
			isa = XCBuildConfiguration;
			buildSettings = {
				ASSETCATALOG_COMPILER_APPICON_NAME = AppIcon;
				CLANG_ENABLE_MODULES = YES;
				CODE_SIGN_IDENTITY = "iPhone Developer";
				INFOPLIST_FILE = had/Info.plist;
				LD_RUNPATH_SEARCH_PATHS = "$(inherited) @executable_path/Frameworks";
				PRODUCT_NAME = "$(TARGET_NAME)";
				SWIFT_OBJC_BRIDGING_HEADER = "had/had-Bridging-Header.h";
			};
			name = Release;
		};
		7AA2251B19CDA9D1002003ED /* Debug */ = {
			isa = XCBuildConfiguration;
			buildSettings = {
				BUNDLE_LOADER = "$(TEST_HOST)";
				FRAMEWORK_SEARCH_PATHS = (
					"$(SDKROOT)/Developer/Library/Frameworks",
					"$(inherited)",
				);
				GCC_PREPROCESSOR_DEFINITIONS = (
					"DEBUG=1",
					"$(inherited)",
				);
				INFOPLIST_FILE = hadTests/Info.plist;
				LD_RUNPATH_SEARCH_PATHS = "$(inherited) @executable_path/Frameworks @loader_path/Frameworks";
				PRODUCT_NAME = "$(TARGET_NAME)";
				TEST_HOST = "$(BUILT_PRODUCTS_DIR)/had.app/had";
			};
			name = Debug;
		};
		7AA2251C19CDA9D1002003ED /* Release */ = {
			isa = XCBuildConfiguration;
			buildSettings = {
				BUNDLE_LOADER = "$(TEST_HOST)";
				FRAMEWORK_SEARCH_PATHS = (
					"$(SDKROOT)/Developer/Library/Frameworks",
					"$(inherited)",
				);
				INFOPLIST_FILE = hadTests/Info.plist;
				LD_RUNPATH_SEARCH_PATHS = "$(inherited) @executable_path/Frameworks @loader_path/Frameworks";
				PRODUCT_NAME = "$(TARGET_NAME)";
				TEST_HOST = "$(BUILT_PRODUCTS_DIR)/had.app/had";
			};
			name = Release;
		};
/* End XCBuildConfiguration section */

/* Begin XCConfigurationList section */
		7AA224EF19CDA9D0002003ED /* Build configuration list for PBXProject "had" */ = {
			isa = XCConfigurationList;
			buildConfigurations = (
				7AA2251519CDA9D1002003ED /* Debug */,
				7AA2251619CDA9D1002003ED /* Release */,
			);
			defaultConfigurationIsVisible = 0;
			defaultConfigurationName = Release;
		};
		7AA2251719CDA9D1002003ED /* Build configuration list for PBXNativeTarget "had" */ = {
			isa = XCConfigurationList;
			buildConfigurations = (
				7AA2251819CDA9D1002003ED /* Debug */,
				7AA2251919CDA9D1002003ED /* Release */,
			);
			defaultConfigurationIsVisible = 0;
			defaultConfigurationName = Release;
		};
		7AA2251A19CDA9D1002003ED /* Build configuration list for PBXNativeTarget "hadTests" */ = {
			isa = XCConfigurationList;
			buildConfigurations = (
				7AA2251B19CDA9D1002003ED /* Debug */,
				7AA2251C19CDA9D1002003ED /* Release */,
			);
			defaultConfigurationIsVisible = 0;
			defaultConfigurationName = Release;
		};
/* End XCConfigurationList section */

/* Begin XCVersionGroup section */
		EB444F9A1A9BD45600E533B2 /* had.xcdatamodeld */ = {
			isa = XCVersionGroup;
			children = (
				EB444F9B1A9BD45600E533B2 /* had.xcdatamodel */,
			);
			currentVersion = EB444F9B1A9BD45600E533B2 /* had.xcdatamodel */;
			path = had.xcdatamodeld;
			sourceTree = "<group>";
			versionGroupType = wrapper.xcdatamodel;
		};
/* End XCVersionGroup section */
	};
	rootObject = 7AA224EC19CDA9D0002003ED /* Project object */;
}
