// !$*UTF8*$!
{
	archiveVersion = 1;
	classes = {
	};
	objectVersion = 46;
	objects = {

/* Begin PBXBuildFile section */
		7A1017A21B67AF5600781E54 /* AudioToolbox.framework in Frameworks */ = {isa = PBXBuildFile; fileRef = 7A1017A11B67AF5600781E54 /* AudioToolbox.framework */; };
		7A1017A41B67AF6100781E54 /* CFNetwork.framework in Frameworks */ = {isa = PBXBuildFile; fileRef = 7A1017A31B67AF6100781E54 /* CFNetwork.framework */; };
		7A1017A61B67AF6E00781E54 /* CoreGraphics.framework in Frameworks */ = {isa = PBXBuildFile; fileRef = 7A1017A51B67AF6E00781E54 /* CoreGraphics.framework */; };
		7A1017A81B67AF7E00781E54 /* QuartzCore.framework in Frameworks */ = {isa = PBXBuildFile; fileRef = 7A1017A71B67AF7E00781E54 /* QuartzCore.framework */; };
		7A1017AC1B67AFA100781E54 /* SystemConfiguration.framework in Frameworks */ = {isa = PBXBuildFile; fileRef = 7A1017AB1B67AFA100781E54 /* SystemConfiguration.framework */; };
		7A1017B41B67B04F00781E54 /* Parse.framework in Frameworks */ = {isa = PBXBuildFile; fileRef = 7A1017B21B67B04F00781E54 /* Parse.framework */; };
		7A10456F1A8F779C008DAF8C /* signpainter-housescript-webfont.ttf in Resources */ = {isa = PBXBuildFile; fileRef = 7A10456E1A8F779C008DAF8C /* signpainter-housescript-webfont.ttf */; };
		7A1045711A8F7EC4008DAF8C /* Lato-BoldItalic.ttf in Resources */ = {isa = PBXBuildFile; fileRef = 7A1045701A8F7EC4008DAF8C /* Lato-BoldItalic.ttf */; };
		7A1ACD031A2E5AF80033A2C5 /* bottle-active.png in Resources */ = {isa = PBXBuildFile; fileRef = 7A1ACD021A2E5AF80033A2C5 /* bottle-active.png */; };
		7A1ACD111A2E67B00033A2C5 /* hamburger.png in Resources */ = {isa = PBXBuildFile; fileRef = 7A1ACD101A2E67B00033A2C5 /* hamburger.png */; };
		7A3143211B69138A00122781 /* background-btn-fb@3x.png in Resources */ = {isa = PBXBuildFile; fileRef = 7A3143201B69138A00122781 /* background-btn-fb@3x.png */; };
		7A3143231B69607500122781 /* Accounts.framework in Frameworks */ = {isa = PBXBuildFile; fileRef = 7A3143221B69607500122781 /* Accounts.framework */; };
		7A3143251B6960A000122781 /* Social.framework in Frameworks */ = {isa = PBXBuildFile; fileRef = 7A3143241B6960A000122781 /* Social.framework */; };
		7A31650D1B4E57DE00CFE4B1 /* heart-hover@3x.png in Resources */ = {isa = PBXBuildFile; fileRef = 7A31650B1B4E57DE00CFE4B1 /* heart-hover@3x.png */; };
		7A31650E1B4E57DE00CFE4B1 /* heart@3x.png in Resources */ = {isa = PBXBuildFile; fileRef = 7A31650C1B4E57DE00CFE4B1 /* heart@3x.png */; };
		7A373D5D1B9B496E00FE4A13 /* bottle-spin@3x.png in Resources */ = {isa = PBXBuildFile; fileRef = 7A373D5C1B9B496E00FE4A13 /* bottle-spin@3x.png */; };
		7A3FC25B1B9B65770001E691 /* pull-to-refresh-bg@3x.png in Resources */ = {isa = PBXBuildFile; fileRef = 7A3FC25A1B9B65770001E691 /* pull-to-refresh-bg@3x.png */; };
		7A4109BA1A912FAE000487C5 /* left-arrow@3x.png in Resources */ = {isa = PBXBuildFile; fileRef = 7A4109B91A912FAE000487C5 /* left-arrow@3x.png */; };
		7A50441D1B4D2F2E00477133 /* bar-icon@3x.png in Resources */ = {isa = PBXBuildFile; fileRef = 7A50441C1B4D2F2E00477133 /* bar-icon@3x.png */; };
		7A50441F1B4D640400477133 /* Lato-Bold.ttf in Resources */ = {isa = PBXBuildFile; fileRef = 7A50441E1B4D640400477133 /* Lato-Bold.ttf */; };
		7A5044221B4DB0BB00477133 /* sexicon-female@3x.png in Resources */ = {isa = PBXBuildFile; fileRef = 7A5044201B4DB0BB00477133 /* sexicon-female@3x.png */; };
		7A5044231B4DB0BB00477133 /* sexicon-male@3x.png in Resources */ = {isa = PBXBuildFile; fileRef = 7A5044211B4DB0BB00477133 /* sexicon-male@3x.png */; };
		7A65B6841AF4E72F00A124EC /* search-icon.png in Resources */ = {isa = PBXBuildFile; fileRef = 7A65B6831AF4E72F00A124EC /* search-icon.png */; };
		7A65B6921AF4FE6F00A124EC /* bottle-100@3x.png in Resources */ = {isa = PBXBuildFile; fileRef = 7A65B6911AF4FE6F00A124EC /* bottle-100@3x.png */; };
		7A65B69B1AF5027F00A124EC /* RobotoSlab-Bold.ttf in Resources */ = {isa = PBXBuildFile; fileRef = 7A65B6971AF5027F00A124EC /* RobotoSlab-Bold.ttf */; };
		7A65B69C1AF5027F00A124EC /* RobotoSlab-Light.ttf in Resources */ = {isa = PBXBuildFile; fileRef = 7A65B6981AF5027F00A124EC /* RobotoSlab-Light.ttf */; };
		7A65B69D1AF5027F00A124EC /* RobotoSlab-Regular.ttf in Resources */ = {isa = PBXBuildFile; fileRef = 7A65B6991AF5027F00A124EC /* RobotoSlab-Regular.ttf */; };
		7A65B69E1AF5027F00A124EC /* RobotoSlab-Thin.ttf in Resources */ = {isa = PBXBuildFile; fileRef = 7A65B69A1AF5027F00A124EC /* RobotoSlab-Thin.ttf */; };
		7A6B5F2F1A8CBBAF00851BA5 /* bottle-intro@3x.png in Resources */ = {isa = PBXBuildFile; fileRef = 7A6B5F2E1A8CBBAF00851BA5 /* bottle-intro@3x.png */; };
		7A70C4971BB1463500299781 /* had.xcdatamodeld in Sources */ = {isa = PBXBuildFile; fileRef = 7A70C4951BB1463500299781 /* had.xcdatamodeld */; settings = {ASSET_TAGS = (); }; };
		7A70C49A1BB146C300299781 /* Store+CoreDataProperties.swift in Sources */ = {isa = PBXBuildFile; fileRef = 7A70C4981BB146C300299781 /* Store+CoreDataProperties.swift */; settings = {ASSET_TAGS = (); }; };
		7A70C49B1BB146C300299781 /* Store.swift in Sources */ = {isa = PBXBuildFile; fileRef = 7A70C4991BB146C300299781 /* Store.swift */; settings = {ASSET_TAGS = (); }; };
		7A8272FA1A1D3279004603FE /* CoreLocation.framework in Frameworks */ = {isa = PBXBuildFile; fileRef = 7A8272F91A1D3279004603FE /* CoreLocation.framework */; };
		7A86BA6C1B5279D2005E1A2F /* RangeSlider.swift in Sources */ = {isa = PBXBuildFile; fileRef = 7A86BA6B1B5279D2005E1A2F /* RangeSlider.swift */; };
		7A86BA6E1B527BD2005E1A2F /* RangeSliderTrackLayer.swift in Sources */ = {isa = PBXBuildFile; fileRef = 7A86BA6D1B527BD2005E1A2F /* RangeSliderTrackLayer.swift */; };
		7A86BA701B527D89005E1A2F /* RangeSliderThumbLayer.swift in Sources */ = {isa = PBXBuildFile; fileRef = 7A86BA6F1B527D89005E1A2F /* RangeSliderThumbLayer.swift */; };
		7AA224FA19CDA9D1002003ED /* AppDelegate.swift in Sources */ = {isa = PBXBuildFile; fileRef = 7AA224F919CDA9D1002003ED /* AppDelegate.swift */; };
		7AA2250519CDA9D1002003ED /* Images.xcassets in Resources */ = {isa = PBXBuildFile; fileRef = 7AA2250419CDA9D1002003ED /* Images.xcassets */; };
		7AA2250819CDA9D1002003ED /* LaunchScreen.xib in Resources */ = {isa = PBXBuildFile; fileRef = 7AA2250619CDA9D1002003ED /* LaunchScreen.xib */; };
		7AA2251419CDA9D1002003ED /* hadTests.swift in Sources */ = {isa = PBXBuildFile; fileRef = 7AA2251319CDA9D1002003ED /* hadTests.swift */; };
		7AA2251E19CDBE96002003ED /* IntroductionViewController.swift in Sources */ = {isa = PBXBuildFile; fileRef = 7AA2251D19CDBE96002003ED /* IntroductionViewController.swift */; };
		7AA2252019CDBED4002003ED /* QueryServices.swift in Sources */ = {isa = PBXBuildFile; fileRef = 7AA2251F19CDBED4002003ED /* QueryServices.swift */; };
		7AB065201BADA5DE001293C2 /* Bolts.framework in Frameworks */ = {isa = PBXBuildFile; fileRef = 7AB0651F1BADA5DE001293C2 /* Bolts.framework */; settings = {ASSET_TAGS = (); }; };
		7AB065231BADA5F5001293C2 /* FBSDKCoreKit.framework in Frameworks */ = {isa = PBXBuildFile; fileRef = 7AB065211BADA5F5001293C2 /* FBSDKCoreKit.framework */; settings = {ASSET_TAGS = (); }; };
		7AB065241BADA5F5001293C2 /* FBSDKLoginKit.framework in Frameworks */ = {isa = PBXBuildFile; fileRef = 7AB065221BADA5F5001293C2 /* FBSDKLoginKit.framework */; settings = {ASSET_TAGS = (); }; };
		7AB6C9991BADAAC10025477A /* libsqlite3.0.tbd in Frameworks */ = {isa = PBXBuildFile; fileRef = 7AB6C9971BADAAC10025477A /* libsqlite3.0.tbd */; };
		7AB6C99A1BADAAC10025477A /* libsqlite3.tbd in Frameworks */ = {isa = PBXBuildFile; fileRef = 7AB6C9981BADAAC10025477A /* libsqlite3.tbd */; };
		7ABC6AA119D489DB00B18DC8 /* Lato-Light.ttf in Resources */ = {isa = PBXBuildFile; fileRef = 7ABC6A9F19D489DB00B18DC8 /* Lato-Light.ttf */; };
		7ABC6AA219D489DB00B18DC8 /* Lato-Regular.ttf in Resources */ = {isa = PBXBuildFile; fileRef = 7ABC6AA019D489DB00B18DC8 /* Lato-Regular.ttf */; };
		7ABF0E2B1A2877D70049720C /* bg-had.png in Resources */ = {isa = PBXBuildFile; fileRef = 7ABF0E291A2877D70049720C /* bg-had.png */; };
		7ABFAE0619CEDB8F00476A99 /* CreateAccountViewController.swift in Sources */ = {isa = PBXBuildFile; fileRef = 7ABFAE0519CEDB8F00476A99 /* CreateAccountViewController.swift */; };
		7ABFAE0819CEDCEC00476A99 /* UserManager.swift in Sources */ = {isa = PBXBuildFile; fileRef = 7ABFAE0719CEDCEC00476A99 /* UserManager.swift */; };
		7AC6999A1A8E5A6500585ED5 /* launch-image@3x.png in Resources */ = {isa = PBXBuildFile; fileRef = 7AC699991A8E5A6500585ED5 /* launch-image@3x.png */; };
		7AD673A819D0951C0079E682 /* app-icon-hadx2.png in Resources */ = {isa = PBXBuildFile; fileRef = 7AD673A619D0951C0079E682 /* app-icon-hadx2.png */; };
		7AD673A919D0951C0079E682 /* app-icon-hadx3.png in Resources */ = {isa = PBXBuildFile; fileRef = 7AD673A719D0951C0079E682 /* app-icon-hadx3.png */; };
		7AD94FC31B9ADFF1000A9A94 /* background@3x.png in Resources */ = {isa = PBXBuildFile; fileRef = 7AD94FC21B9ADFF1000A9A94 /* background@3x.png */; };
		7AE1D28E1A8D2E0000386387 /* ResponsiveTextFieldViewController.swift in Sources */ = {isa = PBXBuildFile; fileRef = 7AE1D28D1A8D2E0000386387 /* ResponsiveTextFieldViewController.swift */; };
		7AE2C8FA1AAF89BA00AD9C59 /* Lato-Italic.ttf in Resources */ = {isa = PBXBuildFile; fileRef = 7AE2C8F91AAF89BA00AD9C59 /* Lato-Italic.ttf */; };
		7AE2C8FC1AAF8E4300AD9C59 /* bg-blur@3x.png in Resources */ = {isa = PBXBuildFile; fileRef = 7AE2C8FB1AAF8E4300AD9C59 /* bg-blur@3x.png */; };
		7AE40E111A8BE4A30025D9BD /* bg-intro@3x.jpg in Resources */ = {isa = PBXBuildFile; fileRef = 7AE40E101A8BE4A30025D9BD /* bg-intro@3x.jpg */; };
		7AE40E131A8BEF860025D9BD /* bg-intro@3x.png in Resources */ = {isa = PBXBuildFile; fileRef = 7AE40E121A8BEF860025D9BD /* bg-intro@3x.png */; };
		7AF362FC1A535C250058A583 /* had-title@3x.png in Resources */ = {isa = PBXBuildFile; fileRef = 7AF362FB1A535C250058A583 /* had-title@3x.png */; };
		7AF6596B1A49F74E002C6745 /* MainViewController.swift in Sources */ = {isa = PBXBuildFile; fileRef = 7AF6596A1A49F74E002C6745 /* MainViewController.swift */; };
		EB1BBE161B45CABE00F46E99 /* locationServices.swift in Sources */ = {isa = PBXBuildFile; fileRef = EB1BBE151B45CABE00F46E99 /* locationServices.swift */; };
		EB1BBE1A1B4B164A00F46E99 /* SearchViewController.swift in Sources */ = {isa = PBXBuildFile; fileRef = EB1BBE191B4B164A00F46E99 /* SearchViewController.swift */; };
		EB1BBE1C1B4D825700F46E99 /* SettingsViewController.swift in Sources */ = {isa = PBXBuildFile; fileRef = EB1BBE1B1B4D825700F46E99 /* SettingsViewController.swift */; };
		EB1BBE231B4DC4B400F46E99 /* SWRevealViewController.m in Sources */ = {isa = PBXBuildFile; fileRef = EB1BBE221B4DC4B400F46E99 /* SWRevealViewController.m */; };
		EB444F901A9527D600E533B2 /* structs.swift in Sources */ = {isa = PBXBuildFile; fileRef = EB444F8F1A9527D600E533B2 /* structs.swift */; };
		EB444F9E1A9E30A000E533B2 /* CoreData.framework in Frameworks */ = {isa = PBXBuildFile; fileRef = EB444F9D1A9E30A000E533B2 /* CoreData.framework */; };
		EB444FA01AAE3ADF00E533B2 /* LoginViewController.swift in Sources */ = {isa = PBXBuildFile; fileRef = EB444F9F1AAE3ADF00E533B2 /* LoginViewController.swift */; };
		EB444FA21AAE3F7700E533B2 /* SidebarViewController.swift in Sources */ = {isa = PBXBuildFile; fileRef = 7AF659681A49F235002C6745 /* SidebarViewController.swift */; };
		EB4813461AAF83AB004B5D53 /* user.plist in Resources */ = {isa = PBXBuildFile; fileRef = EB4813451AAF83AB004B5D53 /* user.plist */; };
		EB797E721B56F1EF00F5B2C0 /* MainViewControllerExtensions.swift in Sources */ = {isa = PBXBuildFile; fileRef = EB797E711B56F1EF00F5B2C0 /* MainViewControllerExtensions.swift */; };
		EBFD30211AB77BB600727E3F /* Security.framework in Frameworks */ = {isa = PBXBuildFile; fileRef = EBFD30201AB77BB600727E3F /* Security.framework */; };
		EBFD30241AB8CC3000727E3F /* KeychainWrapper.m in Sources */ = {isa = PBXBuildFile; fileRef = EBFD30231AB8CC3000727E3F /* KeychainWrapper.m */; };
		F3A1335F1B680BEB00664365 /* Bolts.framework in Frameworks */ = {isa = PBXBuildFile; fileRef = F3A1335C1B680BEB00664365 /* Bolts.framework */; };
		F3C67E071B601B6600191138 /* QueryFacebook.swift in Sources */ = {isa = PBXBuildFile; fileRef = F3C67E061B601B6600191138 /* QueryFacebook.swift */; };
		F61331F71A1E6FF40007FAA1 /* Main.storyboard in Resources */ = {isa = PBXBuildFile; fileRef = F61331F61A1E6FF40007FAA1 /* Main.storyboard */; };
		F6A5521E1A279D6A001C371E /* PlaceItem.swift in Sources */ = {isa = PBXBuildFile; fileRef = F6A5521D1A279D6A001C371E /* PlaceItem.swift */; };
		F6A552211A27A317001C371E /* Item.swift in Sources */ = {isa = PBXBuildFile; fileRef = F6A552201A27A317001C371E /* Item.swift */; };
/* End PBXBuildFile section */

/* Begin PBXContainerItemProxy section */
		7AA2250E19CDA9D1002003ED /* PBXContainerItemProxy */ = {
			isa = PBXContainerItemProxy;
			containerPortal = 7AA224EC19CDA9D0002003ED /* Project object */;
			proxyType = 1;
			remoteGlobalIDString = 7AA224F319CDA9D1002003ED;
			remoteInfo = had;
		};
/* End PBXContainerItemProxy section */

/* Begin PBXFileReference section */
		7A1017A11B67AF5600781E54 /* AudioToolbox.framework */ = {isa = PBXFileReference; lastKnownFileType = wrapper.framework; name = AudioToolbox.framework; path = System/Library/Frameworks/AudioToolbox.framework; sourceTree = SDKROOT; };
		7A1017A31B67AF6100781E54 /* CFNetwork.framework */ = {isa = PBXFileReference; lastKnownFileType = wrapper.framework; name = CFNetwork.framework; path = System/Library/Frameworks/CFNetwork.framework; sourceTree = SDKROOT; };
		7A1017A51B67AF6E00781E54 /* CoreGraphics.framework */ = {isa = PBXFileReference; lastKnownFileType = wrapper.framework; name = CoreGraphics.framework; path = System/Library/Frameworks/CoreGraphics.framework; sourceTree = SDKROOT; };
		7A1017A71B67AF7E00781E54 /* QuartzCore.framework */ = {isa = PBXFileReference; lastKnownFileType = wrapper.framework; name = QuartzCore.framework; path = System/Library/Frameworks/QuartzCore.framework; sourceTree = SDKROOT; };
		7A1017AB1B67AFA100781E54 /* SystemConfiguration.framework */ = {isa = PBXFileReference; lastKnownFileType = wrapper.framework; name = SystemConfiguration.framework; path = System/Library/Frameworks/SystemConfiguration.framework; sourceTree = SDKROOT; };
		7A1017B21B67B04F00781E54 /* Parse.framework */ = {isa = PBXFileReference; lastKnownFileType = wrapper.framework; path = Parse.framework; sourceTree = "<group>"; };
		7A10456E1A8F779C008DAF8C /* signpainter-housescript-webfont.ttf */ = {isa = PBXFileReference; lastKnownFileType = file; path = "signpainter-housescript-webfont.ttf"; sourceTree = "<group>"; };
		7A1045701A8F7EC4008DAF8C /* Lato-BoldItalic.ttf */ = {isa = PBXFileReference; lastKnownFileType = file; path = "Lato-BoldItalic.ttf"; sourceTree = "<group>"; };
		7A1ACD021A2E5AF80033A2C5 /* bottle-active.png */ = {isa = PBXFileReference; lastKnownFileType = image.png; path = "bottle-active.png"; sourceTree = "<group>"; };
		7A1ACD101A2E67B00033A2C5 /* hamburger.png */ = {isa = PBXFileReference; lastKnownFileType = image.png; path = hamburger.png; sourceTree = "<group>"; };
		7A3143201B69138A00122781 /* background-btn-fb@3x.png */ = {isa = PBXFileReference; lastKnownFileType = image.png; path = "background-btn-fb@3x.png"; sourceTree = "<group>"; };
		7A3143221B69607500122781 /* Accounts.framework */ = {isa = PBXFileReference; lastKnownFileType = wrapper.framework; name = Accounts.framework; path = System/Library/Frameworks/Accounts.framework; sourceTree = SDKROOT; };
		7A3143241B6960A000122781 /* Social.framework */ = {isa = PBXFileReference; lastKnownFileType = wrapper.framework; name = Social.framework; path = System/Library/Frameworks/Social.framework; sourceTree = SDKROOT; };
		7A31650B1B4E57DE00CFE4B1 /* heart-hover@3x.png */ = {isa = PBXFileReference; lastKnownFileType = image.png; path = "heart-hover@3x.png"; sourceTree = "<group>"; };
		7A31650C1B4E57DE00CFE4B1 /* heart@3x.png */ = {isa = PBXFileReference; lastKnownFileType = image.png; path = "heart@3x.png"; sourceTree = "<group>"; };
		7A373D5C1B9B496E00FE4A13 /* bottle-spin@3x.png */ = {isa = PBXFileReference; lastKnownFileType = image.png; path = "bottle-spin@3x.png"; sourceTree = "<group>"; };
		7A3FC25A1B9B65770001E691 /* pull-to-refresh-bg@3x.png */ = {isa = PBXFileReference; lastKnownFileType = image.png; path = "pull-to-refresh-bg@3x.png"; sourceTree = "<group>"; };
		7A4109B91A912FAE000487C5 /* left-arrow@3x.png */ = {isa = PBXFileReference; lastKnownFileType = image.png; path = "left-arrow@3x.png"; sourceTree = "<group>"; };
		7A50441C1B4D2F2E00477133 /* bar-icon@3x.png */ = {isa = PBXFileReference; lastKnownFileType = image.png; path = "bar-icon@3x.png"; sourceTree = "<group>"; };
		7A50441E1B4D640400477133 /* Lato-Bold.ttf */ = {isa = PBXFileReference; lastKnownFileType = file; path = "Lato-Bold.ttf"; sourceTree = "<group>"; };
		7A5044201B4DB0BB00477133 /* sexicon-female@3x.png */ = {isa = PBXFileReference; lastKnownFileType = image.png; path = "sexicon-female@3x.png"; sourceTree = "<group>"; };
		7A5044211B4DB0BB00477133 /* sexicon-male@3x.png */ = {isa = PBXFileReference; lastKnownFileType = image.png; path = "sexicon-male@3x.png"; sourceTree = "<group>"; };
		7A65B6831AF4E72F00A124EC /* search-icon.png */ = {isa = PBXFileReference; lastKnownFileType = image.png; path = "search-icon.png"; sourceTree = "<group>"; };
		7A65B6911AF4FE6F00A124EC /* bottle-100@3x.png */ = {isa = PBXFileReference; lastKnownFileType = image.png; path = "bottle-100@3x.png"; sourceTree = "<group>"; };
		7A65B6971AF5027F00A124EC /* RobotoSlab-Bold.ttf */ = {isa = PBXFileReference; lastKnownFileType = file; path = "RobotoSlab-Bold.ttf"; sourceTree = "<group>"; };
		7A65B6981AF5027F00A124EC /* RobotoSlab-Light.ttf */ = {isa = PBXFileReference; lastKnownFileType = file; path = "RobotoSlab-Light.ttf"; sourceTree = "<group>"; };
		7A65B6991AF5027F00A124EC /* RobotoSlab-Regular.ttf */ = {isa = PBXFileReference; lastKnownFileType = file; path = "RobotoSlab-Regular.ttf"; sourceTree = "<group>"; };
		7A65B69A1AF5027F00A124EC /* RobotoSlab-Thin.ttf */ = {isa = PBXFileReference; lastKnownFileType = file; path = "RobotoSlab-Thin.ttf"; sourceTree = "<group>"; };
		7A6B5F2E1A8CBBAF00851BA5 /* bottle-intro@3x.png */ = {isa = PBXFileReference; lastKnownFileType = image.png; path = "bottle-intro@3x.png"; sourceTree = "<group>"; };
		7A70C4961BB1463500299781 /* had.xcdatamodel */ = {isa = PBXFileReference; lastKnownFileType = wrapper.xcdatamodel; path = had.xcdatamodel; sourceTree = "<group>"; };
		7A70C4981BB146C300299781 /* Store+CoreDataProperties.swift */ = {isa = PBXFileReference; fileEncoding = 4; lastKnownFileType = sourcecode.swift; path = "Store+CoreDataProperties.swift"; sourceTree = "<group>"; };
		7A70C4991BB146C300299781 /* Store.swift */ = {isa = PBXFileReference; fileEncoding = 4; lastKnownFileType = sourcecode.swift; path = Store.swift; sourceTree = "<group>"; };
		7A8272F91A1D3279004603FE /* CoreLocation.framework */ = {isa = PBXFileReference; lastKnownFileType = wrapper.framework; name = CoreLocation.framework; path = System/Library/Frameworks/CoreLocation.framework; sourceTree = SDKROOT; };
		7A86BA6B1B5279D2005E1A2F /* RangeSlider.swift */ = {isa = PBXFileReference; fileEncoding = 4; lastKnownFileType = sourcecode.swift; path = RangeSlider.swift; sourceTree = "<group>"; };
		7A86BA6D1B527BD2005E1A2F /* RangeSliderTrackLayer.swift */ = {isa = PBXFileReference; fileEncoding = 4; lastKnownFileType = sourcecode.swift; path = RangeSliderTrackLayer.swift; sourceTree = "<group>"; };
		7A86BA6F1B527D89005E1A2F /* RangeSliderThumbLayer.swift */ = {isa = PBXFileReference; fileEncoding = 4; lastKnownFileType = sourcecode.swift; path = RangeSliderThumbLayer.swift; sourceTree = "<group>"; };
		7AA224F419CDA9D1002003ED /* had.app */ = {isa = PBXFileReference; explicitFileType = wrapper.application; includeInIndex = 0; path = had.app; sourceTree = BUILT_PRODUCTS_DIR; };
		7AA224F819CDA9D1002003ED /* Info.plist */ = {isa = PBXFileReference; lastKnownFileType = text.plist.xml; path = Info.plist; sourceTree = "<group>"; };
		7AA224F919CDA9D1002003ED /* AppDelegate.swift */ = {isa = PBXFileReference; lastKnownFileType = sourcecode.swift; path = AppDelegate.swift; sourceTree = "<group>"; };
		7AA2250419CDA9D1002003ED /* Images.xcassets */ = {isa = PBXFileReference; lastKnownFileType = folder.assetcatalog; path = Images.xcassets; sourceTree = "<group>"; };
		7AA2250719CDA9D1002003ED /* Base */ = {isa = PBXFileReference; lastKnownFileType = file.xib; name = Base; path = Base.lproj/LaunchScreen.xib; sourceTree = "<group>"; };
		7AA2250D19CDA9D1002003ED /* hadTests.xctest */ = {isa = PBXFileReference; explicitFileType = wrapper.cfbundle; includeInIndex = 0; path = hadTests.xctest; sourceTree = BUILT_PRODUCTS_DIR; };
		7AA2251219CDA9D1002003ED /* Info.plist */ = {isa = PBXFileReference; lastKnownFileType = text.plist.xml; path = Info.plist; sourceTree = "<group>"; };
		7AA2251319CDA9D1002003ED /* hadTests.swift */ = {isa = PBXFileReference; lastKnownFileType = sourcecode.swift; path = hadTests.swift; sourceTree = "<group>"; };
		7AA2251D19CDBE96002003ED /* IntroductionViewController.swift */ = {isa = PBXFileReference; fileEncoding = 4; lastKnownFileType = sourcecode.swift; path = IntroductionViewController.swift; sourceTree = "<group>"; };
		7AA2251F19CDBED4002003ED /* QueryServices.swift */ = {isa = PBXFileReference; fileEncoding = 4; lastKnownFileType = sourcecode.swift; path = QueryServices.swift; sourceTree = "<group>"; };
		7AB0651F1BADA5DE001293C2 /* Bolts.framework */ = {isa = PBXFileReference; lastKnownFileType = wrapper.framework; path = Bolts.framework; sourceTree = "<group>"; };
		7AB065211BADA5F5001293C2 /* FBSDKCoreKit.framework */ = {isa = PBXFileReference; lastKnownFileType = wrapper.framework; path = FBSDKCoreKit.framework; sourceTree = "<group>"; };
		7AB065221BADA5F5001293C2 /* FBSDKLoginKit.framework */ = {isa = PBXFileReference; lastKnownFileType = wrapper.framework; path = FBSDKLoginKit.framework; sourceTree = "<group>"; };
		7AB6C9971BADAAC10025477A /* libsqlite3.0.tbd */ = {isa = PBXFileReference; lastKnownFileType = "sourcecode.text-based-dylib-definition"; name = libsqlite3.0.tbd; path = usr/lib/libsqlite3.0.tbd; sourceTree = SDKROOT; };
		7AB6C9981BADAAC10025477A /* libsqlite3.tbd */ = {isa = PBXFileReference; lastKnownFileType = "sourcecode.text-based-dylib-definition"; name = libsqlite3.tbd; path = usr/lib/libsqlite3.tbd; sourceTree = SDKROOT; };
		7ABC6A9F19D489DB00B18DC8 /* Lato-Light.ttf */ = {isa = PBXFileReference; lastKnownFileType = file; path = "Lato-Light.ttf"; sourceTree = "<group>"; };
		7ABC6AA019D489DB00B18DC8 /* Lato-Regular.ttf */ = {isa = PBXFileReference; lastKnownFileType = file; path = "Lato-Regular.ttf"; sourceTree = "<group>"; };
		7ABF0E291A2877D70049720C /* bg-had.png */ = {isa = PBXFileReference; lastKnownFileType = image.png; path = "bg-had.png"; sourceTree = "<group>"; };
		7ABFAE0519CEDB8F00476A99 /* CreateAccountViewController.swift */ = {isa = PBXFileReference; fileEncoding = 4; lastKnownFileType = sourcecode.swift; path = CreateAccountViewController.swift; sourceTree = "<group>"; };
		7ABFAE0719CEDCEC00476A99 /* UserManager.swift */ = {isa = PBXFileReference; fileEncoding = 4; lastKnownFileType = sourcecode.swift; path = UserManager.swift; sourceTree = "<group>"; };
		7AC699991A8E5A6500585ED5 /* launch-image@3x.png */ = {isa = PBXFileReference; lastKnownFileType = image.png; path = "launch-image@3x.png"; sourceTree = "<group>"; };
		7AD673A619D0951C0079E682 /* app-icon-hadx2.png */ = {isa = PBXFileReference; lastKnownFileType = image.png; path = "app-icon-hadx2.png"; sourceTree = "<group>"; };
		7AD673A719D0951C0079E682 /* app-icon-hadx3.png */ = {isa = PBXFileReference; lastKnownFileType = image.png; path = "app-icon-hadx3.png"; sourceTree = "<group>"; };
		7AD94FC21B9ADFF1000A9A94 /* background@3x.png */ = {isa = PBXFileReference; lastKnownFileType = image.png; path = "background@3x.png"; sourceTree = "<group>"; };
		7AE1D28D1A8D2E0000386387 /* ResponsiveTextFieldViewController.swift */ = {isa = PBXFileReference; fileEncoding = 4; lastKnownFileType = sourcecode.swift; path = ResponsiveTextFieldViewController.swift; sourceTree = "<group>"; };
		7AE2C8F91AAF89BA00AD9C59 /* Lato-Italic.ttf */ = {isa = PBXFileReference; lastKnownFileType = file; path = "Lato-Italic.ttf"; sourceTree = "<group>"; };
		7AE2C8FB1AAF8E4300AD9C59 /* bg-blur@3x.png */ = {isa = PBXFileReference; lastKnownFileType = image.png; path = "bg-blur@3x.png"; sourceTree = "<group>"; };
		7AE40E101A8BE4A30025D9BD /* bg-intro@3x.jpg */ = {isa = PBXFileReference; lastKnownFileType = image.jpeg; path = "bg-intro@3x.jpg"; sourceTree = "<group>"; };
		7AE40E121A8BEF860025D9BD /* bg-intro@3x.png */ = {isa = PBXFileReference; lastKnownFileType = image.png; path = "bg-intro@3x.png"; sourceTree = "<group>"; };
		7AF362FB1A535C250058A583 /* had-title@3x.png */ = {isa = PBXFileReference; lastKnownFileType = image.png; path = "had-title@3x.png"; sourceTree = "<group>"; };
		7AF659641A49F133002C6745 /* had-Bridging-Header.h */ = {isa = PBXFileReference; lastKnownFileType = sourcecode.c.h; path = "had-Bridging-Header.h"; sourceTree = "<group>"; };
		7AF659681A49F235002C6745 /* SidebarViewController.swift */ = {isa = PBXFileReference; fileEncoding = 4; lastKnownFileType = sourcecode.swift; path = SidebarViewController.swift; sourceTree = "<group>"; };
		7AF6596A1A49F74E002C6745 /* MainViewController.swift */ = {isa = PBXFileReference; fileEncoding = 4; lastKnownFileType = sourcecode.swift; path = MainViewController.swift; sourceTree = "<group>"; };
		EB1BBE151B45CABE00F46E99 /* locationServices.swift */ = {isa = PBXFileReference; fileEncoding = 4; lastKnownFileType = sourcecode.swift; path = locationServices.swift; sourceTree = "<group>"; };
		EB1BBE191B4B164A00F46E99 /* SearchViewController.swift */ = {isa = PBXFileReference; fileEncoding = 4; lastKnownFileType = sourcecode.swift; path = SearchViewController.swift; sourceTree = "<group>"; };
		EB1BBE1B1B4D825700F46E99 /* SettingsViewController.swift */ = {isa = PBXFileReference; fileEncoding = 4; lastKnownFileType = sourcecode.swift; path = SettingsViewController.swift; sourceTree = "<group>"; };
		EB1BBE211B4DC4B400F46E99 /* SWRevealViewController.h */ = {isa = PBXFileReference; fileEncoding = 4; lastKnownFileType = sourcecode.c.h; path = SWRevealViewController.h; sourceTree = "<group>"; };
		EB1BBE221B4DC4B400F46E99 /* SWRevealViewController.m */ = {isa = PBXFileReference; fileEncoding = 4; lastKnownFileType = sourcecode.c.objc; path = SWRevealViewController.m; sourceTree = "<group>"; };
		EB444F8F1A9527D600E533B2 /* structs.swift */ = {isa = PBXFileReference; fileEncoding = 4; lastKnownFileType = sourcecode.swift; path = structs.swift; sourceTree = "<group>"; };
		EB444F9D1A9E30A000E533B2 /* CoreData.framework */ = {isa = PBXFileReference; lastKnownFileType = wrapper.framework; name = CoreData.framework; path = System/Library/Frameworks/CoreData.framework; sourceTree = SDKROOT; };
		EB444F9F1AAE3ADF00E533B2 /* LoginViewController.swift */ = {isa = PBXFileReference; fileEncoding = 4; lastKnownFileType = sourcecode.swift; path = LoginViewController.swift; sourceTree = "<group>"; };
		EB4813451AAF83AB004B5D53 /* user.plist */ = {isa = PBXFileReference; fileEncoding = 4; lastKnownFileType = text.plist.xml; path = user.plist; sourceTree = "<group>"; };
		EB797E711B56F1EF00F5B2C0 /* MainViewControllerExtensions.swift */ = {isa = PBXFileReference; fileEncoding = 4; lastKnownFileType = sourcecode.swift; path = MainViewControllerExtensions.swift; sourceTree = "<group>"; };
		EBFD30201AB77BB600727E3F /* Security.framework */ = {isa = PBXFileReference; lastKnownFileType = wrapper.framework; name = Security.framework; path = System/Library/Frameworks/Security.framework; sourceTree = SDKROOT; };
		EBFD30221AB8CC3000727E3F /* KeychainWrapper.h */ = {isa = PBXFileReference; fileEncoding = 4; lastKnownFileType = sourcecode.c.h; path = KeychainWrapper.h; sourceTree = "<group>"; };
		EBFD30231AB8CC3000727E3F /* KeychainWrapper.m */ = {isa = PBXFileReference; fileEncoding = 4; lastKnownFileType = sourcecode.c.objc; path = KeychainWrapper.m; sourceTree = "<group>"; };
		F3A1335C1B680BEB00664365 /* Bolts.framework */ = {isa = PBXFileReference; lastKnownFileType = wrapper.framework; name = Bolts.framework; path = "../SDK-Facebook/Bolts.framework"; sourceTree = "<group>"; };
		F3C67E061B601B6600191138 /* QueryFacebook.swift */ = {isa = PBXFileReference; fileEncoding = 4; lastKnownFileType = sourcecode.swift; path = QueryFacebook.swift; sourceTree = "<group>"; };
		F61331F61A1E6FF40007FAA1 /* Main.storyboard */ = {isa = PBXFileReference; fileEncoding = 4; lastKnownFileType = file.storyboard; path = Main.storyboard; sourceTree = "<group>"; };
		F6A5521D1A279D6A001C371E /* PlaceItem.swift */ = {isa = PBXFileReference; fileEncoding = 4; lastKnownFileType = sourcecode.swift; path = PlaceItem.swift; sourceTree = "<group>"; };
		F6A552201A27A317001C371E /* Item.swift */ = {isa = PBXFileReference; fileEncoding = 4; lastKnownFileType = sourcecode.swift; path = Item.swift; sourceTree = "<group>"; };
/* End PBXFileReference section */

/* Begin PBXFrameworksBuildPhase section */
		7AA224F119CDA9D1002003ED /* Frameworks */ = {
			isa = PBXFrameworksBuildPhase;
			buildActionMask = 2147483647;
			files = (
				7AB6C9991BADAAC10025477A /* libsqlite3.0.tbd in Frameworks */,
				7AB6C99A1BADAAC10025477A /* libsqlite3.tbd in Frameworks */,
				7A3143251B6960A000122781 /* Social.framework in Frameworks */,
				7A3143231B69607500122781 /* Accounts.framework in Frameworks */,
				7A1017AC1B67AFA100781E54 /* SystemConfiguration.framework in Frameworks */,
				EBFD30211AB77BB600727E3F /* Security.framework in Frameworks */,
				7AB065231BADA5F5001293C2 /* FBSDKCoreKit.framework in Frameworks */,
				7A1017B41B67B04F00781E54 /* Parse.framework in Frameworks */,
				7A1017A81B67AF7E00781E54 /* QuartzCore.framework in Frameworks */,
				7A1017A61B67AF6E00781E54 /* CoreGraphics.framework in Frameworks */,
				7A1017A41B67AF6100781E54 /* CFNetwork.framework in Frameworks */,
				7A1017A21B67AF5600781E54 /* AudioToolbox.framework in Frameworks */,
				7AB065241BADA5F5001293C2 /* FBSDKLoginKit.framework in Frameworks */,
				EB444F9E1A9E30A000E533B2 /* CoreData.framework in Frameworks */,
				7AB065201BADA5DE001293C2 /* Bolts.framework in Frameworks */,
				7A8272FA1A1D3279004603FE /* CoreLocation.framework in Frameworks */,
				F3A1335F1B680BEB00664365 /* Bolts.framework in Frameworks */,
			);
			runOnlyForDeploymentPostprocessing = 0;
		};
		7AA2250A19CDA9D1002003ED /* Frameworks */ = {
			isa = PBXFrameworksBuildPhase;
			buildActionMask = 2147483647;
			files = (
			);
			runOnlyForDeploymentPostprocessing = 0;
		};
/* End PBXFrameworksBuildPhase section */

/* Begin PBXGroup section */
		7A081BC91BB6D50D0061D775 /* CoreData */ = {
			isa = PBXGroup;
			children = (
				7A70C4981BB146C300299781 /* Store+CoreDataProperties.swift */,
				7A70C4991BB146C300299781 /* Store.swift */,
				7A70C4951BB1463500299781 /* had.xcdatamodeld */,
			);
			name = CoreData;
			path = ..;
			sourceTree = "<group>";
		};
		7A081BCA1BB6D8A50061D775 /* StaticInfo */ = {
			isa = PBXGroup;
			children = (
				EB444F8F1A9527D600E533B2 /* structs.swift */,
			);
			name = StaticInfo;
			sourceTree = "<group>";
		};
		7A081BCB1BB6DCF30061D775 /* Fonts */ = {
			isa = PBXGroup;
			children = (
				7A1045701A8F7EC4008DAF8C /* Lato-BoldItalic.ttf */,
				7AE2C8F91AAF89BA00AD9C59 /* Lato-Italic.ttf */,
				7ABC6AA019D489DB00B18DC8 /* Lato-Regular.ttf */,
				7A10456E1A8F779C008DAF8C /* signpainter-housescript-webfont.ttf */,
				7A65B6991AF5027F00A124EC /* RobotoSlab-Regular.ttf */,
				7A50441E1B4D640400477133 /* Lato-Bold.ttf */,
				7ABC6A9F19D489DB00B18DC8 /* Lato-Light.ttf */,
				7A65B6971AF5027F00A124EC /* RobotoSlab-Bold.ttf */,
				7A65B6981AF5027F00A124EC /* RobotoSlab-Light.ttf */,
				7A65B69A1AF5027F00A124EC /* RobotoSlab-Thin.ttf */,
			);
			name = Fonts;
			sourceTree = "<group>";
		};
		7A081BCC1BB6DDAE0061D775 /* Assets */ = {
			isa = PBXGroup;
			children = (
				7A081BCB1BB6DCF30061D775 /* Fonts */,
				7A5B7BED19D03DDA0023AAC5 /* images */,
			);
			name = Assets;
			sourceTree = "<group>";
		};
		7A1CF9011B5ED83400410F32 /* Setting */ = {
			isa = PBXGroup;
			children = (
				7A86BA6F1B527D89005E1A2F /* RangeSliderThumbLayer.swift */,
				7A86BA6B1B5279D2005E1A2F /* RangeSlider.swift */,
				7A86BA6D1B527BD2005E1A2F /* RangeSliderTrackLayer.swift */,
				EB1BBE1B1B4D825700F46E99 /* SettingsViewController.swift */,
			);
			name = Setting;
			sourceTree = "<group>";
		};
		7A5B7BED19D03DDA0023AAC5 /* images */ = {
			isa = PBXGroup;
			children = (
				7AF362FB1A535C250058A583 /* had-title@3x.png */,
				7A373D5C1B9B496E00FE4A13 /* bottle-spin@3x.png */,
				7AE40E101A8BE4A30025D9BD /* bg-intro@3x.jpg */,
				7A3143201B69138A00122781 /* background-btn-fb@3x.png */,
				7AE40E121A8BEF860025D9BD /* bg-intro@3x.png */,
				7A1ACD101A2E67B00033A2C5 /* hamburger.png */,
				7A6B5F2E1A8CBBAF00851BA5 /* bottle-intro@3x.png */,
				7A31650B1B4E57DE00CFE4B1 /* heart-hover@3x.png */,
				7A31650C1B4E57DE00CFE4B1 /* heart@3x.png */,
				7A1ACD021A2E5AF80033A2C5 /* bottle-active.png */,
				7ABF0E291A2877D70049720C /* bg-had.png */,
				7AD94FC21B9ADFF1000A9A94 /* background@3x.png */,
				7AC699991A8E5A6500585ED5 /* launch-image@3x.png */,
				7A65B6831AF4E72F00A124EC /* search-icon.png */,
				7A5044201B4DB0BB00477133 /* sexicon-female@3x.png */,
				7A5044211B4DB0BB00477133 /* sexicon-male@3x.png */,
				7A3FC25A1B9B65770001E691 /* pull-to-refresh-bg@3x.png */,
				7AE2C8FB1AAF8E4300AD9C59 /* bg-blur@3x.png */,
				7A4109B91A912FAE000487C5 /* left-arrow@3x.png */,
				7A65B6911AF4FE6F00A124EC /* bottle-100@3x.png */,
				7A50441C1B4D2F2E00477133 /* bar-icon@3x.png */,
				7AD673A619D0951C0079E682 /* app-icon-hadx2.png */,
				7AD673A719D0951C0079E682 /* app-icon-hadx3.png */,
			);
			name = images;
			sourceTree = "<group>";
		};
		7AA224EB19CDA9D0002003ED = {
			isa = PBXGroup;
			children = (
				7AB6C9971BADAAC10025477A /* libsqlite3.0.tbd */,
				7AB6C9981BADAAC10025477A /* libsqlite3.tbd */,
				EBABF9371B1772090096D705 /* Framework */,
				7AA224F619CDA9D1002003ED /* had */,
				7AA2251019CDA9D1002003ED /* hadTests */,
				7AA224F519CDA9D1002003ED /* Products */,
			);
			sourceTree = "<group>";
		};
		7AA224F519CDA9D1002003ED /* Products */ = {
			isa = PBXGroup;
			children = (
				7AA224F419CDA9D1002003ED /* had.app */,
				7AA2250D19CDA9D1002003ED /* hadTests.xctest */,
			);
			name = Products;
			sourceTree = "<group>";
		};
		7AA224F619CDA9D1002003ED /* had */ = {
			isa = PBXGroup;
			children = (
				7AA224F919CDA9D1002003ED /* AppDelegate.swift */,
				7A081BC91BB6D50D0061D775 /* CoreData */,
				7A081BCA1BB6D8A50061D775 /* StaticInfo */,
				EB1BBE141B45CAA300F46E99 /* Services */,
				7AF659631A49F111002C6745 /* library */,
				F6E2B65A1A2F9F8C00B085DC /* Controller */,
				F6A5521F1A27A2E5001C371E /* ItemCell */,
				7ABFAE0719CEDCEC00476A99 /* UserManager.swift */,
				7AA2250419CDA9D1002003ED /* Images.xcassets */,
				7AA2250619CDA9D1002003ED /* LaunchScreen.xib */,
				7A081BCC1BB6DDAE0061D775 /* Assets */,
				7AA224F719CDA9D1002003ED /* Supporting Files */,
				F61331F61A1E6FF40007FAA1 /* Main.storyboard */,
				EB4813451AAF83AB004B5D53 /* user.plist */,
			);
			path = had;
			sourceTree = "<group>";
		};
		7AA224F719CDA9D1002003ED /* Supporting Files */ = {
			isa = PBXGroup;
			children = (
				7AA224F819CDA9D1002003ED /* Info.plist */,
			);
			name = "Supporting Files";
			sourceTree = "<group>";
		};
		7AA2251019CDA9D1002003ED /* hadTests */ = {
			isa = PBXGroup;
			children = (
				7AA2251319CDA9D1002003ED /* hadTests.swift */,
				7AA2251119CDA9D1002003ED /* Supporting Files */,
			);
			path = hadTests;
			sourceTree = "<group>";
		};
		7AA2251119CDA9D1002003ED /* Supporting Files */ = {
			isa = PBXGroup;
			children = (
				7AA2251219CDA9D1002003ED /* Info.plist */,
			);
			name = "Supporting Files";
			sourceTree = "<group>";
		};
		7AF659631A49F111002C6745 /* library */ = {
			isa = PBXGroup;
			children = (
				EB1BBE211B4DC4B400F46E99 /* SWRevealViewController.h */,
				EB1BBE221B4DC4B400F46E99 /* SWRevealViewController.m */,
				EBFD30221AB8CC3000727E3F /* KeychainWrapper.h */,
				EBFD30231AB8CC3000727E3F /* KeychainWrapper.m */,
				7AF659641A49F133002C6745 /* had-Bridging-Header.h */,
			);
			name = library;
			sourceTree = "<group>";
		};
		EB1BBE141B45CAA300F46E99 /* Services */ = {
			isa = PBXGroup;
			children = (
				7AA2251F19CDBED4002003ED /* QueryServices.swift */,
				EB1BBE151B45CABE00F46E99 /* locationServices.swift */,
				F3C67E061B601B6600191138 /* QueryFacebook.swift */,
			);
			name = Services;
			sourceTree = "<group>";
		};
		EBABF9371B1772090096D705 /* Framework */ = {
			isa = PBXGroup;
			children = (
				7A3143241B6960A000122781 /* Social.framework */,
				7A3143221B69607500122781 /* Accounts.framework */,
				7A1017AB1B67AFA100781E54 /* SystemConfiguration.framework */,
				7A1017A71B67AF7E00781E54 /* QuartzCore.framework */,
				7A1017A51B67AF6E00781E54 /* CoreGraphics.framework */,
				7A1017A31B67AF6100781E54 /* CFNetwork.framework */,
				7A1017A11B67AF5600781E54 /* AudioToolbox.framework */,
				7A1017B21B67B04F00781E54 /* Parse.framework */,
				7AB065211BADA5F5001293C2 /* FBSDKCoreKit.framework */,
				7AB065221BADA5F5001293C2 /* FBSDKLoginKit.framework */,
				7AB0651F1BADA5DE001293C2 /* Bolts.framework */,
				EBFD30201AB77BB600727E3F /* Security.framework */,
				EB444F9D1A9E30A000E533B2 /* CoreData.framework */,
				7A8272F91A1D3279004603FE /* CoreLocation.framework */,
			);
			name = Framework;
			sourceTree = "<group>";
		};
		F6A5521F1A27A2E5001C371E /* ItemCell */ = {
			isa = PBXGroup;
			children = (
				F6A5521D1A279D6A001C371E /* PlaceItem.swift */,
				F6A552201A27A317001C371E /* Item.swift */,
			);
			name = ItemCell;
			sourceTree = "<group>";
		};
		F6E2B65A1A2F9F8C00B085DC /* Controller */ = {
			isa = PBXGroup;
			children = (
				7A1CF9011B5ED83400410F32 /* Setting */,
				7ABFAE0519CEDB8F00476A99 /* CreateAccountViewController.swift */,
				7AA2251D19CDBE96002003ED /* IntroductionViewController.swift */,
				7AE1D28D1A8D2E0000386387 /* ResponsiveTextFieldViewController.swift */,
				7AF659681A49F235002C6745 /* SidebarViewController.swift */,
				7AF6596A1A49F74E002C6745 /* MainViewController.swift */,
				EB797E711B56F1EF00F5B2C0 /* MainViewControllerExtensions.swift */,
				EB444F9F1AAE3ADF00E533B2 /* LoginViewController.swift */,
				EB1BBE191B4B164A00F46E99 /* SearchViewController.swift */,
			);
			name = Controller;
			sourceTree = "<group>";
		};
/* End PBXGroup section */

/* Begin PBXNativeTarget section */
		7AA224F319CDA9D1002003ED /* had */ = {
			isa = PBXNativeTarget;
			buildConfigurationList = 7AA2251719CDA9D1002003ED /* Build configuration list for PBXNativeTarget "had" */;
			buildPhases = (
				7AA224F019CDA9D1002003ED /* Sources */,
				7AA224F119CDA9D1002003ED /* Frameworks */,
				7AA224F219CDA9D1002003ED /* Resources */,
			);
			buildRules = (
			);
			dependencies = (
			);
			name = had;
			productName = had;
			productReference = 7AA224F419CDA9D1002003ED /* had.app */;
			productType = "com.apple.product-type.application";
		};
		7AA2250C19CDA9D1002003ED /* hadTests */ = {
			isa = PBXNativeTarget;
			buildConfigurationList = 7AA2251A19CDA9D1002003ED /* Build configuration list for PBXNativeTarget "hadTests" */;
			buildPhases = (
				7AA2250919CDA9D1002003ED /* Sources */,
				7AA2250A19CDA9D1002003ED /* Frameworks */,
				7AA2250B19CDA9D1002003ED /* Resources */,
			);
			buildRules = (
			);
			dependencies = (
				7AA2250F19CDA9D1002003ED /* PBXTargetDependency */,
			);
			name = hadTests;
			productName = hadTests;
			productReference = 7AA2250D19CDA9D1002003ED /* hadTests.xctest */;
			productType = "com.apple.product-type.bundle.unit-test";
		};
/* End PBXNativeTarget section */

/* Begin PBXProject section */
		7AA224EC19CDA9D0002003ED /* Project object */ = {
			isa = PBXProject;
			attributes = {
				LastSwiftMigration = 0700;
				LastSwiftUpdateCheck = 0700;
				LastUpgradeCheck = 0610;
				ORGANIZATIONNAME = had;
				TargetAttributes = {
					7AA224F319CDA9D1002003ED = {
						CreatedOnToolsVersion = 6.0.1;
						DevelopmentTeam = 356ZH6XUVH;
						SystemCapabilities = {
							com.apple.BackgroundModes = {
								enabled = 1;
							};
							com.apple.InAppPurchase = {
								enabled = 0;
							};
						};
					};
					7AA2250C19CDA9D1002003ED = {
						CreatedOnToolsVersion = 6.0.1;
						TestTargetID = 7AA224F319CDA9D1002003ED;
					};
				};
			};
			buildConfigurationList = 7AA224EF19CDA9D0002003ED /* Build configuration list for PBXProject "had" */;
			compatibilityVersion = "Xcode 3.2";
			developmentRegion = English;
			hasScannedForEncodings = 0;
			knownRegions = (
				en,
				Base,
			);
			mainGroup = 7AA224EB19CDA9D0002003ED;
			productRefGroup = 7AA224F519CDA9D1002003ED /* Products */;
			projectDirPath = "";
			projectRoot = "";
			targets = (
				7AA224F319CDA9D1002003ED /* had */,
				7AA2250C19CDA9D1002003ED /* hadTests */,
			);
		};
/* End PBXProject section */

/* Begin PBXResourcesBuildPhase section */
		7AA224F219CDA9D1002003ED /* Resources */ = {
			isa = PBXResourcesBuildPhase;
			buildActionMask = 2147483647;
			files = (
				7A65B6921AF4FE6F00A124EC /* bottle-100@3x.png in Resources */,
				7AC6999A1A8E5A6500585ED5 /* launch-image@3x.png in Resources */,
				7A1ACD111A2E67B00033A2C5 /* hamburger.png in Resources */,
				7A50441D1B4D2F2E00477133 /* bar-icon@3x.png in Resources */,
				7AE2C8FA1AAF89BA00AD9C59 /* Lato-Italic.ttf in Resources */,
				7AD673A819D0951C0079E682 /* app-icon-hadx2.png in Resources */,
				7A10456F1A8F779C008DAF8C /* signpainter-housescript-webfont.ttf in Resources */,
				EB4813461AAF83AB004B5D53 /* user.plist in Resources */,
				7AE40E111A8BE4A30025D9BD /* bg-intro@3x.jpg in Resources */,
				7ABC6AA119D489DB00B18DC8 /* Lato-Light.ttf in Resources */,
				F61331F71A1E6FF40007FAA1 /* Main.storyboard in Resources */,
				7A65B69C1AF5027F00A124EC /* RobotoSlab-Light.ttf in Resources */,
				7AD94FC31B9ADFF1000A9A94 /* background@3x.png in Resources */,
				7A5044231B4DB0BB00477133 /* sexicon-male@3x.png in Resources */,
				7A65B69D1AF5027F00A124EC /* RobotoSlab-Regular.ttf in Resources */,
				7AD673A919D0951C0079E682 /* app-icon-hadx3.png in Resources */,
				7AE40E131A8BEF860025D9BD /* bg-intro@3x.png in Resources */,
				7AA2250819CDA9D1002003ED /* LaunchScreen.xib in Resources */,
				7AE2C8FC1AAF8E4300AD9C59 /* bg-blur@3x.png in Resources */,
				7A50441F1B4D640400477133 /* Lato-Bold.ttf in Resources */,
				7A4109BA1A912FAE000487C5 /* left-arrow@3x.png in Resources */,
				7ABF0E2B1A2877D70049720C /* bg-had.png in Resources */,
				7A65B69E1AF5027F00A124EC /* RobotoSlab-Thin.ttf in Resources */,
				7A1045711A8F7EC4008DAF8C /* Lato-BoldItalic.ttf in Resources */,
				7AF362FC1A535C250058A583 /* had-title@3x.png in Resources */,
				7A65B6841AF4E72F00A124EC /* search-icon.png in Resources */,
				7ABC6AA219D489DB00B18DC8 /* Lato-Regular.ttf in Resources */,
				7A3143211B69138A00122781 /* background-btn-fb@3x.png in Resources */,
				7A373D5D1B9B496E00FE4A13 /* bottle-spin@3x.png in Resources */,
				7A5044221B4DB0BB00477133 /* sexicon-female@3x.png in Resources */,
				7AA2250519CDA9D1002003ED /* Images.xcassets in Resources */,
				7A6B5F2F1A8CBBAF00851BA5 /* bottle-intro@3x.png in Resources */,
				7A31650D1B4E57DE00CFE4B1 /* heart-hover@3x.png in Resources */,
				7A3FC25B1B9B65770001E691 /* pull-to-refresh-bg@3x.png in Resources */,
				7A65B69B1AF5027F00A124EC /* RobotoSlab-Bold.ttf in Resources */,
				7A1ACD031A2E5AF80033A2C5 /* bottle-active.png in Resources */,
				7A31650E1B4E57DE00CFE4B1 /* heart@3x.png in Resources */,
			);
			runOnlyForDeploymentPostprocessing = 0;
		};
		7AA2250B19CDA9D1002003ED /* Resources */ = {
			isa = PBXResourcesBuildPhase;
			buildActionMask = 2147483647;
			files = (
			);
			runOnlyForDeploymentPostprocessing = 0;
		};
/* End PBXResourcesBuildPhase section */

/* Begin PBXSourcesBuildPhase section */
		7AA224F019CDA9D1002003ED /* Sources */ = {
			isa = PBXSourcesBuildPhase;
			buildActionMask = 2147483647;
			files = (
				EB444FA01AAE3ADF00E533B2 /* LoginViewController.swift in Sources */,
				EB797E721B56F1EF00F5B2C0 /* MainViewControllerExtensions.swift in Sources */,
				7AE1D28E1A8D2E0000386387 /* ResponsiveTextFieldViewController.swift in Sources */,
				F6A5521E1A279D6A001C371E /* PlaceItem.swift in Sources */,
				EB444F901A9527D600E533B2 /* structs.swift in Sources */,
				EB1BBE231B4DC4B400F46E99 /* SWRevealViewController.m in Sources */,
				7ABFAE0619CEDB8F00476A99 /* CreateAccountViewController.swift in Sources */,
				7A70C49B1BB146C300299781 /* Store.swift in Sources */,
				EBFD30241AB8CC3000727E3F /* KeychainWrapper.m in Sources */,
				F3C67E071B601B6600191138 /* QueryFacebook.swift in Sources */,
				7AA2252019CDBED4002003ED /* QueryServices.swift in Sources */,
				7AA2251E19CDBE96002003ED /* IntroductionViewController.swift in Sources */,
				7AF6596B1A49F74E002C6745 /* MainViewController.swift in Sources */,
				EB1BBE161B45CABE00F46E99 /* locationServices.swift in Sources */,
				7A86BA701B527D89005E1A2F /* RangeSliderThumbLayer.swift in Sources */,
				7A70C4971BB1463500299781 /* had.xcdatamodeld in Sources */,
				EB1BBE1A1B4B164A00F46E99 /* SearchViewController.swift in Sources */,
				EB444FA21AAE3F7700E533B2 /* SidebarViewController.swift in Sources */,
				7A86BA6C1B5279D2005E1A2F /* RangeSlider.swift in Sources */,
				7A86BA6E1B527BD2005E1A2F /* RangeSliderTrackLayer.swift in Sources */,
				7A70C49A1BB146C300299781 /* Store+CoreDataProperties.swift in Sources */,
				F6A552211A27A317001C371E /* Item.swift in Sources */,
				7ABFAE0819CEDCEC00476A99 /* UserManager.swift in Sources */,
				EB1BBE1C1B4D825700F46E99 /* SettingsViewController.swift in Sources */,
				7AA224FA19CDA9D1002003ED /* AppDelegate.swift in Sources */,
			);
			runOnlyForDeploymentPostprocessing = 0;
		};
		7AA2250919CDA9D1002003ED /* Sources */ = {
			isa = PBXSourcesBuildPhase;
			buildActionMask = 2147483647;
			files = (
				7AA2251419CDA9D1002003ED /* hadTests.swift in Sources */,
			);
			runOnlyForDeploymentPostprocessing = 0;
		};
/* End PBXSourcesBuildPhase section */

/* Begin PBXTargetDependency section */
		7AA2250F19CDA9D1002003ED /* PBXTargetDependency */ = {
			isa = PBXTargetDependency;
			target = 7AA224F319CDA9D1002003ED /* had */;
			targetProxy = 7AA2250E19CDA9D1002003ED /* PBXContainerItemProxy */;
		};
/* End PBXTargetDependency section */

/* Begin PBXVariantGroup section */
		7AA2250619CDA9D1002003ED /* LaunchScreen.xib */ = {
			isa = PBXVariantGroup;
			children = (
				7AA2250719CDA9D1002003ED /* Base */,
			);
			name = LaunchScreen.xib;
			sourceTree = "<group>";
		};
/* End PBXVariantGroup section */

/* Begin XCBuildConfiguration section */
		7AA2251519CDA9D1002003ED /* Debug */ = {
			isa = XCBuildConfiguration;
			buildSettings = {
				ALWAYS_SEARCH_USER_PATHS = NO;
				CLANG_CXX_LANGUAGE_STANDARD = "gnu++0x";
				CLANG_CXX_LIBRARY = "libc++";
				CLANG_ENABLE_MODULES = YES;
				CLANG_ENABLE_OBJC_ARC = YES;
				CLANG_WARN_BOOL_CONVERSION = YES;
				CLANG_WARN_CONSTANT_CONVERSION = YES;
				CLANG_WARN_DIRECT_OBJC_ISA_USAGE = YES_ERROR;
				CLANG_WARN_EMPTY_BODY = YES;
				CLANG_WARN_ENUM_CONVERSION = YES;
				CLANG_WARN_INT_CONVERSION = YES;
				CLANG_WARN_OBJC_ROOT_CLASS = YES_ERROR;
				CLANG_WARN_UNREACHABLE_CODE = YES;
				CLANG_WARN__DUPLICATE_METHOD_MATCH = YES;
				CODE_SIGN_IDENTITY = "iPhone Developer";
				"CODE_SIGN_IDENTITY[sdk=iphoneos*]" = "iPhone Developer";
				COPY_PHASE_STRIP = NO;
				ENABLE_STRICT_OBJC_MSGSEND = YES;
				GCC_C_LANGUAGE_STANDARD = gnu99;
				GCC_DYNAMIC_NO_PIC = NO;
				GCC_OPTIMIZATION_LEVEL = 0;
				GCC_PREPROCESSOR_DEFINITIONS = (
					"DEBUG=1",
					"$(inherited)",
				);
				GCC_SYMBOLS_PRIVATE_EXTERN = NO;
				GCC_WARN_64_TO_32_BIT_CONVERSION = YES;
				GCC_WARN_ABOUT_RETURN_TYPE = YES_ERROR;
				GCC_WARN_UNDECLARED_SELECTOR = YES;
				GCC_WARN_UNINITIALIZED_AUTOS = YES_AGGRESSIVE;
				GCC_WARN_UNUSED_FUNCTION = YES;
				GCC_WARN_UNUSED_VARIABLE = YES;
				IPHONEOS_DEPLOYMENT_TARGET = 8.0;
				MTL_ENABLE_DEBUG_INFO = YES;
				ONLY_ACTIVE_ARCH = YES;
				SDKROOT = iphoneos;
				SWIFT_OPTIMIZATION_LEVEL = "-Onone";
				TARGETED_DEVICE_FAMILY = "1,2";
			};
			name = Debug;
		};
		7AA2251619CDA9D1002003ED /* Release */ = {
			isa = XCBuildConfiguration;
			buildSettings = {
				ALWAYS_SEARCH_USER_PATHS = NO;
				CLANG_CXX_LANGUAGE_STANDARD = "gnu++0x";
				CLANG_CXX_LIBRARY = "libc++";
				CLANG_ENABLE_MODULES = YES;
				CLANG_ENABLE_OBJC_ARC = YES;
				CLANG_WARN_BOOL_CONVERSION = YES;
				CLANG_WARN_CONSTANT_CONVERSION = YES;
				CLANG_WARN_DIRECT_OBJC_ISA_USAGE = YES_ERROR;
				CLANG_WARN_EMPTY_BODY = YES;
				CLANG_WARN_ENUM_CONVERSION = YES;
				CLANG_WARN_INT_CONVERSION = YES;
				CLANG_WARN_OBJC_ROOT_CLASS = YES_ERROR;
				CLANG_WARN_UNREACHABLE_CODE = YES;
				CLANG_WARN__DUPLICATE_METHOD_MATCH = YES;
				CODE_SIGN_IDENTITY = "iPhone Developer";
				"CODE_SIGN_IDENTITY[sdk=iphoneos*]" = "iPhone Developer";
				COPY_PHASE_STRIP = YES;
				ENABLE_NS_ASSERTIONS = NO;
				ENABLE_STRICT_OBJC_MSGSEND = YES;
				GCC_C_LANGUAGE_STANDARD = gnu99;
				GCC_WARN_64_TO_32_BIT_CONVERSION = YES;
				GCC_WARN_ABOUT_RETURN_TYPE = YES_ERROR;
				GCC_WARN_UNDECLARED_SELECTOR = YES;
				GCC_WARN_UNINITIALIZED_AUTOS = YES_AGGRESSIVE;
				GCC_WARN_UNUSED_FUNCTION = YES;
				GCC_WARN_UNUSED_VARIABLE = YES;
				IPHONEOS_DEPLOYMENT_TARGET = 8.0;
				MTL_ENABLE_DEBUG_INFO = NO;
				SDKROOT = iphoneos;
				TARGETED_DEVICE_FAMILY = "1,2";
				VALIDATE_PRODUCT = YES;
			};
			name = Release;
		};
		7AA2251819CDA9D1002003ED /* Debug */ = {
			isa = XCBuildConfiguration;
			buildSettings = {
				ASSETCATALOG_COMPILER_APPICON_NAME = AppIcon;
				CLANG_ENABLE_MODULES = YES;
				CODE_SIGN_IDENTITY = "iPhone Developer";
				"CODE_SIGN_IDENTITY[sdk=iphoneos*]" = "iPhone Developer";
				ENABLE_BITCODE = NO;
				FRAMEWORK_SEARCH_PATHS = (
					"$(inherited)",
					"$(PROJECT_DIR)/had",
					"$(PROJECT_DIR)",
					/Users/clitodu10/Documents/FacebookSDK,
					/Users/Romain/Documents/FacebookSDK,
					/Users/kevinrignault/Documents/Projets,
					"Multimédia/SDK-Facebook",
					/Users/kevinrignault/Documents/Projets,
					"Multimédia/SDK-Facebook",
					/Users/kevinrignault/Documents/Projets,
					"Multimédia/SDK-Facebook",
					/Users/kevinrignault/Documents/Projets,
					"Multimédia/SDK-Facebook",
					/Users/kevinrignault/Documents/Projets,
					"Multimédia/SDK-Facebook",
					/Users/kevinrignault/Documents/Projets,
					"Multimédia/SDK-Facebook",
				);
				INFOPLIST_FILE = had/Info.plist;
				LD_RUNPATH_SEARCH_PATHS = "$(inherited) @executable_path/Frameworks";
				PRODUCT_NAME = "$(TARGET_NAME)";
				PROVISIONING_PROFILE = "";
				SWIFT_OBJC_BRIDGING_HEADER = "had/had-Bridging-Header.h";
				SWIFT_OPTIMIZATION_LEVEL = "-Onone";
				TREAT_MISSING_BASELINES_AS_TEST_FAILURES = NO;
			};
			name = Debug;
		};
		7AA2251919CDA9D1002003ED /* Release */ = {
			isa = XCBuildConfiguration;
			buildSettings = {
				ASSETCATALOG_COMPILER_APPICON_NAME = AppIcon;
				CLANG_ENABLE_MODULES = YES;
				CODE_SIGN_IDENTITY = "iPhone Developer";
				"CODE_SIGN_IDENTITY[sdk=iphoneos*]" = "iPhone Developer";
				ENABLE_BITCODE = NO;
				FRAMEWORK_SEARCH_PATHS = (
					"$(inherited)",
					"$(PROJECT_DIR)/had",
					"$(PROJECT_DIR)",
					/Users/clitodu10/Documents/FacebookSDK,
					/Users/Romain/Documents/FacebookSDK,
					/Users/kevinrignault/Documents/Projets,
					"Multimédia/SDK-Facebook",
					/Users/kevinrignault/Documents/Projets,
					"Multimédia/SDK-Facebook",
					/Users/kevinrignault/Documents/Projets,
					"Multimédia/SDK-Facebook",
					/Users/kevinrignault/Documents/Projets,
					"Multimédia/SDK-Facebook",
					/Users/kevinrignault/Documents/Projets,
					"Multimédia/SDK-Facebook",
					/Users/kevinrignault/Documents/Projets,
					"Multimédia/SDK-Facebook",
				);
				INFOPLIST_FILE = had/Info.plist;
				LD_RUNPATH_SEARCH_PATHS = "$(inherited) @executable_path/Frameworks";
				PRODUCT_NAME = "$(TARGET_NAME)";
				PROVISIONING_PROFILE = "";
				SWIFT_OBJC_BRIDGING_HEADER = "had/had-Bridging-Header.h";
				TREAT_MISSING_BASELINES_AS_TEST_FAILURES = NO;
			};
			name = Release;
		};
		7AA2251B19CDA9D1002003ED /* Debug */ = {
			isa = XCBuildConfiguration;
			buildSettings = {
				BUNDLE_LOADER = "$(TEST_HOST)";
				FRAMEWORK_SEARCH_PATHS = "$(inherited)";
				GCC_PREPROCESSOR_DEFINITIONS = (
					"DEBUG=1",
					"$(inherited)",
				);
				INFOPLIST_FILE = hadTests/Info.plist;
				LD_RUNPATH_SEARCH_PATHS = "$(inherited) @executable_path/Frameworks @loader_path/Frameworks";
				PRODUCT_NAME = "$(TARGET_NAME)";
				TEST_HOST = "";
			};
			name = Debug;
		};
		7AA2251C19CDA9D1002003ED /* Release */ = {
			isa = XCBuildConfiguration;
			buildSettings = {
				BUNDLE_LOADER = "$(TEST_HOST)";
				FRAMEWORK_SEARCH_PATHS = "$(inherited)";
				INFOPLIST_FILE = hadTests/Info.plist;
				LD_RUNPATH_SEARCH_PATHS = "$(inherited) @executable_path/Frameworks @loader_path/Frameworks";
				PRODUCT_NAME = "$(TARGET_NAME)";
				TEST_HOST = "";
			};
			name = Release;
		};
/* End XCBuildConfiguration section */

/* Begin XCConfigurationList section */
		7AA224EF19CDA9D0002003ED /* Build configuration list for PBXProject "had" */ = {
			isa = XCConfigurationList;
			buildConfigurations = (
				7AA2251519CDA9D1002003ED /* Debug */,
				7AA2251619CDA9D1002003ED /* Release */,
			);
			defaultConfigurationIsVisible = 0;
			defaultConfigurationName = Release;
		};
		7AA2251719CDA9D1002003ED /* Build configuration list for PBXNativeTarget "had" */ = {
			isa = XCConfigurationList;
			buildConfigurations = (
				7AA2251819CDA9D1002003ED /* Debug */,
				7AA2251919CDA9D1002003ED /* Release */,
			);
			defaultConfigurationIsVisible = 0;
			defaultConfigurationName = Release;
		};
		7AA2251A19CDA9D1002003ED /* Build configuration list for PBXNativeTarget "hadTests" */ = {
			isa = XCConfigurationList;
			buildConfigurations = (
				7AA2251B19CDA9D1002003ED /* Debug */,
				7AA2251C19CDA9D1002003ED /* Release */,
			);
			defaultConfigurationIsVisible = 0;
			defaultConfigurationName = Release;
		};
/* End XCConfigurationList section */

/* Begin XCVersionGroup section */
		7A70C4951BB1463500299781 /* had.xcdatamodeld */ = {
			isa = XCVersionGroup;
			children = (
				7A70C4961BB1463500299781 /* had.xcdatamodel */,
			);
			currentVersion = 7A70C4961BB1463500299781 /* had.xcdatamodel */;
			name = had.xcdatamodeld;
			path = had/had.xcdatamodeld;
			sourceTree = "<group>";
			versionGroupType = wrapper.xcdatamodel;
		};
/* End XCVersionGroup section */
	};
	rootObject = 7AA224EC19CDA9D0002003ED /* Project object */;
}
